
Microsoft Visual Studio Solution File, Format Version 12.00
# Visual Studio Version 17
VisualStudioVersion = 17.0.32014.148
MinimumVisualStudioVersion = 15.0.26124.0
Project("{2150E333-8FDC-42A3-9474-1A3956D46DE8}") = "_Solution Items", "_Solution Items", "{B6FFC423-B940-4131-A9A3-2E913BD20610}"
	ProjectSection(SolutionItems) = preProject
		.editorconfig = .editorconfig
		azure-pipelines.yml = azure-pipelines.yml
		bs.xml = bs.xml
		bs.xsd = bs.xsd
		BuildNumber.ps1 = BuildNumber.ps1
		Changelog.md = Changelog.md
		nugetImage.png = nugetImage.png
		README.md = README.md
	EndProjectSection
EndProject
Project("{2150E333-8FDC-42A3-9474-1A3956D46DE8}") = "Apps", "Apps", "{1535C62E-DA5F-4B39-981D-777F71F47A9E}"
EndProject
Project("{9A19103F-16F7-4668-BE54-9A1E7A4F7556}") = "BaseApp", "BaseApp\BaseApp.csproj", "{02FC1821-7657-43D0-A795-9140C7FABFF9}"
EndProject
Project("{9A19103F-16F7-4668-BE54-9A1E7A4F7556}") = "BaseApp.View.Xamarin", "BaseApp.View.Xamarin\BaseApp.View.Xamarin.csproj", "{38F87E1F-008A-40BC-80B1-0F9E6DEB7B09}"
EndProject
Project("{2150E333-8FDC-42A3-9474-1A3956D46DE8}") = "Apps", "Apps", "{5EAB1EF4-0C78-4268-BA6B-43FB11808E2D}"
EndProject
Project("{FAE04EC0-301F-11D3-BF4B-00C04F79EFBC}") = "IOsApp", "IOsApp\IOsApp.csproj", "{76EB105A-FF77-47FF-A42E-569EFB425B33}"
EndProject
Project("{FAE04EC0-301F-11D3-BF4B-00C04F79EFBC}") = "AndroidApp", "AndroidApp\AndroidApp.csproj", "{550DF24A-6657-4287-9CF2-B786DD205442}"
EndProject
Project("{9A19103F-16F7-4668-BE54-9A1E7A4F7556}") = "WpfApp", "WpfApp\WpfApp.csproj", "{DF800922-B2EF-4576-B029-B5CC06A26F3B}"
EndProject
Project("{2150E333-8FDC-42A3-9474-1A3956D46DE8}") = "Blazor", "Blazor", "{0364A428-74DE-4554-BB98-0B4F3AB0AA25}"
EndProject
Project("{2150E333-8FDC-42A3-9474-1A3956D46DE8}") = "Xamarin", "Xamarin", "{FF041BC6-E770-4094-A457-46405DF82E10}"
EndProject
Project("{9A19103F-16F7-4668-BE54-9A1E7A4F7556}") = "BlazorApp", "BlazorApp\BlazorApp.csproj", "{DADCC73D-C11E-43B7-90B9-C6B3F423FE73}"
EndProject
Project("{2150E333-8FDC-42A3-9474-1A3956D46DE8}") = "IXchange.Exchange", "IXchange.Exchange", "{DED170DA-F9CB-4398-8E8C-4A29DADA3FCD}"
EndProject
Project("{2150E333-8FDC-42A3-9474-1A3956D46DE8}") = "IXchange.Server", "IXchange.Server", "{0B44A7E6-520C-4827-93DF-139527B17EE2}"
EndProject
Project("{9A19103F-16F7-4668-BE54-9A1E7A4F7556}") = "WebExchange", "WebExchange\WebExchange.csproj", "{D711269B-D3E8-4CD7-B443-D4409D2B8750}"
EndProject
Project("{9A19103F-16F7-4668-BE54-9A1E7A4F7556}") = "ConnectivityHost", "ConnectivityHost\ConnectivityHost.csproj", "{477F7224-2E61-4B02-8247-49DFE9D92B69}"
EndProject
Project("{2150E333-8FDC-42A3-9474-1A3956D46DE8}") = "IXchange.Apps", "IXchange.Apps", "{8BADBFA7-6BCA-499F-AB7F-D12D7C11A16C}"
EndProject
Project("{2150E333-8FDC-42A3-9474-1A3956D46DE8}") = "IXchange.Communication", "IXchange.Communication", "{4F4C57CE-950B-461E-8E66-6F8FBDC673E1}"
EndProject
Project("{2150E333-8FDC-42A3-9474-1A3956D46DE8}") = "PushFiles", "PushFiles", "{EBDEDF05-3D33-479F-A0FE-A838EFBC0765}"
EndProject
Project("{2150E333-8FDC-42A3-9474-1A3956D46DE8}") = "IXchange.Gateway", "IXchange.Gateway", "{513A8F1F-9D61-466A-BADF-E5364262C3D5}"
EndProject
Project("{9A19103F-16F7-4668-BE54-9A1E7A4F7556}") = "IXchange.Gateway", "IXchange.Gateway\IXchange.Gateway.csproj", "{CFC0FD87-E5DD-4AE1-B2FB-5DB447AC7425}"
EndProject
Project("{9A19103F-16F7-4668-BE54-9A1E7A4F7556}") = "IXchange.Database", "IXchange.Database\IXchange.Database.csproj", "{5230ED0A-D0AE-42B6-B215-E47276416EAE}"
EndProject
Project("{9A19103F-16F7-4668-BE54-9A1E7A4F7556}") = "IXchange.GatewayService", "IXchange.GatewayService\IXchange.GatewayService.csproj", "{9E873C65-9F48-47A2-9347-BBE334125A47}"
EndProject
Project("{9A19103F-16F7-4668-BE54-9A1E7A4F7556}") = "Exchange", "Exchange\Exchange.csproj", "{98B0A59B-442B-4FF3-9601-5EA969ED9272}"
EndProject
Project("{9A19103F-16F7-4668-BE54-9A1E7A4F7556}") = "IXchange.Service.Com.Rest", "IXchange.Service.Com.Rest\IXchange.Service.Com.Rest.csproj", "{35283729-020B-4B8D-985A-1C3FA8886B12}"
EndProject
Project("{9A19103F-16F7-4668-BE54-9A1E7A4F7556}") = "IXchange.Service.Com.GRPC", "IXchange.Service.Com.GRPC\IXchange.Service.Com.GRPC.csproj", "{AC2E123F-A2AA-4EE4-9685-E2C062460E1F}"
EndProject
Project("{9A19103F-16F7-4668-BE54-9A1E7A4F7556}") = "IXchange.Service.Com.Base", "IXchange.Service.Com.Base\IXchange.Service.Com.Base.csproj", "{E7DE42B1-64A1-4279-9D57-BC322BC335B4}"
EndProject
Project("{9A19103F-16F7-4668-BE54-9A1E7A4F7556}") = "IXchange.Service.AppConnectivity", "IXchange.Service.AppConnectivity\IXchange.Service.AppConnectivity.csproj", "{AFF9F874-AACF-488C-8F4B-4A99048A03FA}"
EndProject
Project("{9A19103F-16F7-4668-BE54-9A1E7A4F7556}") = "IXchange.Service.TriggerAgent", "IXchange.Service.TriggerAgent\IXchange.Service.TriggerAgent.csproj", "{97F3025F-2485-414F-B7C6-965567EB9FE2}"
EndProject
Project("{9A19103F-16F7-4668-BE54-9A1E7A4F7556}") = "IXchange.Postgres.Migrations", "IXchange.Database.Postgres.Migrations\IXchange.Postgres.Migrations.csproj", "{18C28CBA-2496-4B39-B8C1-A9E7EBAF2419}"
EndProject
Global
	GlobalSection(SolutionConfigurationPlatforms) = preSolution
		Ad-Hoc|Any CPU = Ad-Hoc|Any CPU
		Ad-Hoc|iPhone = Ad-Hoc|iPhone
		Ad-Hoc|iPhoneSimulator = Ad-Hoc|iPhoneSimulator
		Ad-Hoc|x64 = Ad-Hoc|x64
		Ad-Hoc|x86 = Ad-Hoc|x86
		AppStore|Any CPU = AppStore|Any CPU
		AppStore|iPhone = AppStore|iPhone
		AppStore|iPhoneSimulator = AppStore|iPhoneSimulator
		AppStore|x64 = AppStore|x64
		AppStore|x86 = AppStore|x86
		Debug|Any CPU = Debug|Any CPU
		Debug|iPhone = Debug|iPhone
		Debug|iPhoneSimulator = Debug|iPhoneSimulator
		Debug|x64 = Debug|x64
		Debug|x86 = Debug|x86
		Release|Any CPU = Release|Any CPU
		Release|iPhone = Release|iPhone
		Release|iPhoneSimulator = Release|iPhoneSimulator
		Release|x64 = Release|x64
		Release|x86 = Release|x86
	EndGlobalSection
	GlobalSection(ProjectConfigurationPlatforms) = postSolution
		{02FC1821-7657-43D0-A795-9140C7FABFF9}.Ad-Hoc|Any CPU.ActiveCfg = Debug|Any CPU
		{02FC1821-7657-43D0-A795-9140C7FABFF9}.Ad-Hoc|Any CPU.Build.0 = Debug|Any CPU
		{02FC1821-7657-43D0-A795-9140C7FABFF9}.Ad-Hoc|iPhone.ActiveCfg = Debug|Any CPU
		{02FC1821-7657-43D0-A795-9140C7FABFF9}.Ad-Hoc|iPhone.Build.0 = Debug|Any CPU
		{02FC1821-7657-43D0-A795-9140C7FABFF9}.Ad-Hoc|iPhoneSimulator.ActiveCfg = Debug|Any CPU
		{02FC1821-7657-43D0-A795-9140C7FABFF9}.Ad-Hoc|iPhoneSimulator.Build.0 = Debug|Any CPU
		{02FC1821-7657-43D0-A795-9140C7FABFF9}.Ad-Hoc|x64.ActiveCfg = Debug|Any CPU
		{02FC1821-7657-43D0-A795-9140C7FABFF9}.Ad-Hoc|x64.Build.0 = Debug|Any CPU
		{02FC1821-7657-43D0-A795-9140C7FABFF9}.Ad-Hoc|x86.ActiveCfg = Debug|Any CPU
		{02FC1821-7657-43D0-A795-9140C7FABFF9}.Ad-Hoc|x86.Build.0 = Debug|Any CPU
		{02FC1821-7657-43D0-A795-9140C7FABFF9}.AppStore|Any CPU.ActiveCfg = Debug|Any CPU
		{02FC1821-7657-43D0-A795-9140C7FABFF9}.AppStore|Any CPU.Build.0 = Debug|Any CPU
		{02FC1821-7657-43D0-A795-9140C7FABFF9}.AppStore|iPhone.ActiveCfg = Debug|Any CPU
		{02FC1821-7657-43D0-A795-9140C7FABFF9}.AppStore|iPhone.Build.0 = Debug|Any CPU
		{02FC1821-7657-43D0-A795-9140C7FABFF9}.AppStore|iPhoneSimulator.ActiveCfg = Debug|Any CPU
		{02FC1821-7657-43D0-A795-9140C7FABFF9}.AppStore|iPhoneSimulator.Build.0 = Debug|Any CPU
		{02FC1821-7657-43D0-A795-9140C7FABFF9}.AppStore|x64.ActiveCfg = Debug|Any CPU
		{02FC1821-7657-43D0-A795-9140C7FABFF9}.AppStore|x64.Build.0 = Debug|Any CPU
		{02FC1821-7657-43D0-A795-9140C7FABFF9}.AppStore|x86.ActiveCfg = Debug|Any CPU
		{02FC1821-7657-43D0-A795-9140C7FABFF9}.AppStore|x86.Build.0 = Debug|Any CPU
		{02FC1821-7657-43D0-A795-9140C7FABFF9}.Debug|Any CPU.ActiveCfg = Debug|Any CPU
		{02FC1821-7657-43D0-A795-9140C7FABFF9}.Debug|Any CPU.Build.0 = Debug|Any CPU
		{02FC1821-7657-43D0-A795-9140C7FABFF9}.Debug|iPhone.ActiveCfg = Debug|Any CPU
		{02FC1821-7657-43D0-A795-9140C7FABFF9}.Debug|iPhone.Build.0 = Debug|Any CPU
		{02FC1821-7657-43D0-A795-9140C7FABFF9}.Debug|iPhoneSimulator.ActiveCfg = Debug|Any CPU
		{02FC1821-7657-43D0-A795-9140C7FABFF9}.Debug|iPhoneSimulator.Build.0 = Debug|Any CPU
		{02FC1821-7657-43D0-A795-9140C7FABFF9}.Debug|x64.ActiveCfg = Debug|Any CPU
		{02FC1821-7657-43D0-A795-9140C7FABFF9}.Debug|x64.Build.0 = Debug|Any CPU
		{02FC1821-7657-43D0-A795-9140C7FABFF9}.Debug|x86.ActiveCfg = Debug|Any CPU
		{02FC1821-7657-43D0-A795-9140C7FABFF9}.Debug|x86.Build.0 = Debug|Any CPU
		{02FC1821-7657-43D0-A795-9140C7FABFF9}.Release|Any CPU.ActiveCfg = Debug|Any CPU
		{02FC1821-7657-43D0-A795-9140C7FABFF9}.Release|Any CPU.Build.0 = Debug|Any CPU
		{02FC1821-7657-43D0-A795-9140C7FABFF9}.Release|iPhone.ActiveCfg = Release|Any CPU
		{02FC1821-7657-43D0-A795-9140C7FABFF9}.Release|iPhone.Build.0 = Release|Any CPU
		{02FC1821-7657-43D0-A795-9140C7FABFF9}.Release|iPhoneSimulator.ActiveCfg = Release|Any CPU
		{02FC1821-7657-43D0-A795-9140C7FABFF9}.Release|iPhoneSimulator.Build.0 = Release|Any CPU
		{02FC1821-7657-43D0-A795-9140C7FABFF9}.Release|x64.ActiveCfg = Release|Any CPU
		{02FC1821-7657-43D0-A795-9140C7FABFF9}.Release|x64.Build.0 = Release|Any CPU
		{02FC1821-7657-43D0-A795-9140C7FABFF9}.Release|x86.ActiveCfg = Release|Any CPU
		{02FC1821-7657-43D0-A795-9140C7FABFF9}.Release|x86.Build.0 = Release|Any CPU
		{38F87E1F-008A-40BC-80B1-0F9E6DEB7B09}.Ad-Hoc|Any CPU.ActiveCfg = Debug|Any CPU
		{38F87E1F-008A-40BC-80B1-0F9E6DEB7B09}.Ad-Hoc|Any CPU.Build.0 = Debug|Any CPU
		{38F87E1F-008A-40BC-80B1-0F9E6DEB7B09}.Ad-Hoc|iPhone.ActiveCfg = Debug|Any CPU
		{38F87E1F-008A-40BC-80B1-0F9E6DEB7B09}.Ad-Hoc|iPhone.Build.0 = Debug|Any CPU
		{38F87E1F-008A-40BC-80B1-0F9E6DEB7B09}.Ad-Hoc|iPhoneSimulator.ActiveCfg = Debug|Any CPU
		{38F87E1F-008A-40BC-80B1-0F9E6DEB7B09}.Ad-Hoc|iPhoneSimulator.Build.0 = Debug|Any CPU
		{38F87E1F-008A-40BC-80B1-0F9E6DEB7B09}.Ad-Hoc|x64.ActiveCfg = Debug|Any CPU
		{38F87E1F-008A-40BC-80B1-0F9E6DEB7B09}.Ad-Hoc|x64.Build.0 = Debug|Any CPU
		{38F87E1F-008A-40BC-80B1-0F9E6DEB7B09}.Ad-Hoc|x86.ActiveCfg = Debug|Any CPU
		{38F87E1F-008A-40BC-80B1-0F9E6DEB7B09}.Ad-Hoc|x86.Build.0 = Debug|Any CPU
		{38F87E1F-008A-40BC-80B1-0F9E6DEB7B09}.AppStore|Any CPU.ActiveCfg = Debug|Any CPU
		{38F87E1F-008A-40BC-80B1-0F9E6DEB7B09}.AppStore|Any CPU.Build.0 = Debug|Any CPU
		{38F87E1F-008A-40BC-80B1-0F9E6DEB7B09}.AppStore|iPhone.ActiveCfg = Debug|Any CPU
		{38F87E1F-008A-40BC-80B1-0F9E6DEB7B09}.AppStore|iPhone.Build.0 = Debug|Any CPU
		{38F87E1F-008A-40BC-80B1-0F9E6DEB7B09}.AppStore|iPhoneSimulator.ActiveCfg = Debug|Any CPU
		{38F87E1F-008A-40BC-80B1-0F9E6DEB7B09}.AppStore|iPhoneSimulator.Build.0 = Debug|Any CPU
		{38F87E1F-008A-40BC-80B1-0F9E6DEB7B09}.AppStore|x64.ActiveCfg = Debug|Any CPU
		{38F87E1F-008A-40BC-80B1-0F9E6DEB7B09}.AppStore|x64.Build.0 = Debug|Any CPU
		{38F87E1F-008A-40BC-80B1-0F9E6DEB7B09}.AppStore|x86.ActiveCfg = Debug|Any CPU
		{38F87E1F-008A-40BC-80B1-0F9E6DEB7B09}.AppStore|x86.Build.0 = Debug|Any CPU
		{38F87E1F-008A-40BC-80B1-0F9E6DEB7B09}.Debug|Any CPU.ActiveCfg = Debug|Any CPU
		{38F87E1F-008A-40BC-80B1-0F9E6DEB7B09}.Debug|Any CPU.Build.0 = Debug|Any CPU
		{38F87E1F-008A-40BC-80B1-0F9E6DEB7B09}.Debug|iPhone.ActiveCfg = Debug|Any CPU
		{38F87E1F-008A-40BC-80B1-0F9E6DEB7B09}.Debug|iPhone.Build.0 = Debug|Any CPU
		{38F87E1F-008A-40BC-80B1-0F9E6DEB7B09}.Debug|iPhoneSimulator.ActiveCfg = Debug|Any CPU
		{38F87E1F-008A-40BC-80B1-0F9E6DEB7B09}.Debug|iPhoneSimulator.Build.0 = Debug|Any CPU
		{38F87E1F-008A-40BC-80B1-0F9E6DEB7B09}.Debug|x64.ActiveCfg = Debug|Any CPU
		{38F87E1F-008A-40BC-80B1-0F9E6DEB7B09}.Debug|x64.Build.0 = Debug|Any CPU
		{38F87E1F-008A-40BC-80B1-0F9E6DEB7B09}.Debug|x86.ActiveCfg = Debug|Any CPU
		{38F87E1F-008A-40BC-80B1-0F9E6DEB7B09}.Debug|x86.Build.0 = Debug|Any CPU
		{38F87E1F-008A-40BC-80B1-0F9E6DEB7B09}.Release|Any CPU.ActiveCfg = Debug|Any CPU
		{38F87E1F-008A-40BC-80B1-0F9E6DEB7B09}.Release|Any CPU.Build.0 = Debug|Any CPU
		{38F87E1F-008A-40BC-80B1-0F9E6DEB7B09}.Release|iPhone.ActiveCfg = Release|Any CPU
		{38F87E1F-008A-40BC-80B1-0F9E6DEB7B09}.Release|iPhone.Build.0 = Release|Any CPU
		{38F87E1F-008A-40BC-80B1-0F9E6DEB7B09}.Release|iPhoneSimulator.ActiveCfg = Release|Any CPU
		{38F87E1F-008A-40BC-80B1-0F9E6DEB7B09}.Release|iPhoneSimulator.Build.0 = Release|Any CPU
		{38F87E1F-008A-40BC-80B1-0F9E6DEB7B09}.Release|x64.ActiveCfg = Release|Any CPU
		{38F87E1F-008A-40BC-80B1-0F9E6DEB7B09}.Release|x64.Build.0 = Release|Any CPU
		{38F87E1F-008A-40BC-80B1-0F9E6DEB7B09}.Release|x86.ActiveCfg = Release|Any CPU
		{38F87E1F-008A-40BC-80B1-0F9E6DEB7B09}.Release|x86.Build.0 = Release|Any CPU
		{76EB105A-FF77-47FF-A42E-569EFB425B33}.Ad-Hoc|Any CPU.ActiveCfg = Ad-Hoc|iPhoneSimulator
		{76EB105A-FF77-47FF-A42E-569EFB425B33}.Ad-Hoc|iPhone.ActiveCfg = Ad-Hoc|iPhone
		{76EB105A-FF77-47FF-A42E-569EFB425B33}.Ad-Hoc|iPhone.Build.0 = Ad-Hoc|iPhone
		{76EB105A-FF77-47FF-A42E-569EFB425B33}.Ad-Hoc|iPhoneSimulator.ActiveCfg = Ad-Hoc|iPhoneSimulator
		{76EB105A-FF77-47FF-A42E-569EFB425B33}.Ad-Hoc|iPhoneSimulator.Build.0 = Ad-Hoc|iPhoneSimulator
		{76EB105A-FF77-47FF-A42E-569EFB425B33}.Ad-Hoc|x64.ActiveCfg = Ad-Hoc|iPhoneSimulator
		{76EB105A-FF77-47FF-A42E-569EFB425B33}.Ad-Hoc|x86.ActiveCfg = Ad-Hoc|iPhoneSimulator
		{76EB105A-FF77-47FF-A42E-569EFB425B33}.AppStore|Any CPU.ActiveCfg = AppStore|iPhoneSimulator
		{76EB105A-FF77-47FF-A42E-569EFB425B33}.AppStore|iPhone.ActiveCfg = AppStore|iPhone
		{76EB105A-FF77-47FF-A42E-569EFB425B33}.AppStore|iPhone.Build.0 = AppStore|iPhone
		{76EB105A-FF77-47FF-A42E-569EFB425B33}.AppStore|iPhoneSimulator.ActiveCfg = AppStore|iPhoneSimulator
		{76EB105A-FF77-47FF-A42E-569EFB425B33}.AppStore|iPhoneSimulator.Build.0 = AppStore|iPhoneSimulator
		{76EB105A-FF77-47FF-A42E-569EFB425B33}.AppStore|x64.ActiveCfg = AppStore|iPhoneSimulator
		{76EB105A-FF77-47FF-A42E-569EFB425B33}.AppStore|x86.ActiveCfg = AppStore|iPhoneSimulator
		{76EB105A-FF77-47FF-A42E-569EFB425B33}.Debug|Any CPU.ActiveCfg = Debug|iPhoneSimulator
		{76EB105A-FF77-47FF-A42E-569EFB425B33}.Debug|iPhone.ActiveCfg = Debug|iPhone
		{76EB105A-FF77-47FF-A42E-569EFB425B33}.Debug|iPhone.Build.0 = Debug|iPhone
		{76EB105A-FF77-47FF-A42E-569EFB425B33}.Debug|iPhone.Deploy.0 = Debug|iPhone
		{76EB105A-FF77-47FF-A42E-569EFB425B33}.Debug|iPhoneSimulator.ActiveCfg = Debug|iPhoneSimulator
		{76EB105A-FF77-47FF-A42E-569EFB425B33}.Debug|iPhoneSimulator.Build.0 = Debug|iPhoneSimulator
		{76EB105A-FF77-47FF-A42E-569EFB425B33}.Debug|x64.ActiveCfg = Debug|iPhoneSimulator
		{76EB105A-FF77-47FF-A42E-569EFB425B33}.Debug|x86.ActiveCfg = Debug|iPhoneSimulator
		{76EB105A-FF77-47FF-A42E-569EFB425B33}.Release|Any CPU.ActiveCfg = Debug|iPhoneSimulator
		{76EB105A-FF77-47FF-A42E-569EFB425B33}.Release|Any CPU.Build.0 = Debug|iPhoneSimulator
		{76EB105A-FF77-47FF-A42E-569EFB425B33}.Release|iPhone.ActiveCfg = Release|iPhone
		{76EB105A-FF77-47FF-A42E-569EFB425B33}.Release|iPhone.Build.0 = Release|iPhone
		{76EB105A-FF77-47FF-A42E-569EFB425B33}.Release|iPhoneSimulator.ActiveCfg = Release|iPhoneSimulator
		{76EB105A-FF77-47FF-A42E-569EFB425B33}.Release|iPhoneSimulator.Build.0 = Release|iPhoneSimulator
		{76EB105A-FF77-47FF-A42E-569EFB425B33}.Release|x64.ActiveCfg = Release|iPhoneSimulator
		{76EB105A-FF77-47FF-A42E-569EFB425B33}.Release|x86.ActiveCfg = Release|iPhoneSimulator
		{550DF24A-6657-4287-9CF2-B786DD205442}.Ad-Hoc|Any CPU.ActiveCfg = Debug|Any CPU
		{550DF24A-6657-4287-9CF2-B786DD205442}.Ad-Hoc|Any CPU.Build.0 = Debug|Any CPU
		{550DF24A-6657-4287-9CF2-B786DD205442}.Ad-Hoc|Any CPU.Deploy.0 = Debug|Any CPU
		{550DF24A-6657-4287-9CF2-B786DD205442}.Ad-Hoc|iPhone.ActiveCfg = Debug|Any CPU
		{550DF24A-6657-4287-9CF2-B786DD205442}.Ad-Hoc|iPhone.Build.0 = Debug|Any CPU
		{550DF24A-6657-4287-9CF2-B786DD205442}.Ad-Hoc|iPhone.Deploy.0 = Debug|Any CPU
		{550DF24A-6657-4287-9CF2-B786DD205442}.Ad-Hoc|iPhoneSimulator.ActiveCfg = Debug|Any CPU
		{550DF24A-6657-4287-9CF2-B786DD205442}.Ad-Hoc|iPhoneSimulator.Build.0 = Debug|Any CPU
		{550DF24A-6657-4287-9CF2-B786DD205442}.Ad-Hoc|iPhoneSimulator.Deploy.0 = Debug|Any CPU
		{550DF24A-6657-4287-9CF2-B786DD205442}.Ad-Hoc|x64.ActiveCfg = Debug|Any CPU
		{550DF24A-6657-4287-9CF2-B786DD205442}.Ad-Hoc|x64.Build.0 = Debug|Any CPU
		{550DF24A-6657-4287-9CF2-B786DD205442}.Ad-Hoc|x64.Deploy.0 = Debug|Any CPU
		{550DF24A-6657-4287-9CF2-B786DD205442}.Ad-Hoc|x86.ActiveCfg = Debug|Any CPU
		{550DF24A-6657-4287-9CF2-B786DD205442}.Ad-Hoc|x86.Build.0 = Debug|Any CPU
		{550DF24A-6657-4287-9CF2-B786DD205442}.Ad-Hoc|x86.Deploy.0 = Debug|Any CPU
		{550DF24A-6657-4287-9CF2-B786DD205442}.AppStore|Any CPU.ActiveCfg = Debug|Any CPU
		{550DF24A-6657-4287-9CF2-B786DD205442}.AppStore|Any CPU.Build.0 = Debug|Any CPU
		{550DF24A-6657-4287-9CF2-B786DD205442}.AppStore|Any CPU.Deploy.0 = Debug|Any CPU
		{550DF24A-6657-4287-9CF2-B786DD205442}.AppStore|iPhone.ActiveCfg = Debug|Any CPU
		{550DF24A-6657-4287-9CF2-B786DD205442}.AppStore|iPhone.Build.0 = Debug|Any CPU
		{550DF24A-6657-4287-9CF2-B786DD205442}.AppStore|iPhone.Deploy.0 = Debug|Any CPU
		{550DF24A-6657-4287-9CF2-B786DD205442}.AppStore|iPhoneSimulator.ActiveCfg = Debug|Any CPU
		{550DF24A-6657-4287-9CF2-B786DD205442}.AppStore|iPhoneSimulator.Build.0 = Debug|Any CPU
		{550DF24A-6657-4287-9CF2-B786DD205442}.AppStore|iPhoneSimulator.Deploy.0 = Debug|Any CPU
		{550DF24A-6657-4287-9CF2-B786DD205442}.AppStore|x64.ActiveCfg = Debug|Any CPU
		{550DF24A-6657-4287-9CF2-B786DD205442}.AppStore|x64.Build.0 = Debug|Any CPU
		{550DF24A-6657-4287-9CF2-B786DD205442}.AppStore|x64.Deploy.0 = Debug|Any CPU
		{550DF24A-6657-4287-9CF2-B786DD205442}.AppStore|x86.ActiveCfg = Debug|Any CPU
		{550DF24A-6657-4287-9CF2-B786DD205442}.AppStore|x86.Build.0 = Debug|Any CPU
		{550DF24A-6657-4287-9CF2-B786DD205442}.AppStore|x86.Deploy.0 = Debug|Any CPU
		{550DF24A-6657-4287-9CF2-B786DD205442}.Debug|Any CPU.ActiveCfg = Debug|Any CPU
		{550DF24A-6657-4287-9CF2-B786DD205442}.Debug|Any CPU.Build.0 = Debug|Any CPU
		{550DF24A-6657-4287-9CF2-B786DD205442}.Debug|Any CPU.Deploy.0 = Debug|Any CPU
		{550DF24A-6657-4287-9CF2-B786DD205442}.Debug|iPhone.ActiveCfg = Debug|Any CPU
		{550DF24A-6657-4287-9CF2-B786DD205442}.Debug|iPhone.Build.0 = Debug|Any CPU
		{550DF24A-6657-4287-9CF2-B786DD205442}.Debug|iPhone.Deploy.0 = Debug|Any CPU
		{550DF24A-6657-4287-9CF2-B786DD205442}.Debug|iPhoneSimulator.ActiveCfg = Debug|Any CPU
		{550DF24A-6657-4287-9CF2-B786DD205442}.Debug|iPhoneSimulator.Build.0 = Debug|Any CPU
		{550DF24A-6657-4287-9CF2-B786DD205442}.Debug|iPhoneSimulator.Deploy.0 = Debug|Any CPU
		{550DF24A-6657-4287-9CF2-B786DD205442}.Debug|x64.ActiveCfg = Debug|Any CPU
		{550DF24A-6657-4287-9CF2-B786DD205442}.Debug|x64.Build.0 = Debug|Any CPU
		{550DF24A-6657-4287-9CF2-B786DD205442}.Debug|x64.Deploy.0 = Debug|Any CPU
		{550DF24A-6657-4287-9CF2-B786DD205442}.Debug|x86.ActiveCfg = Debug|Any CPU
		{550DF24A-6657-4287-9CF2-B786DD205442}.Debug|x86.Build.0 = Debug|Any CPU
		{550DF24A-6657-4287-9CF2-B786DD205442}.Debug|x86.Deploy.0 = Debug|Any CPU
		{550DF24A-6657-4287-9CF2-B786DD205442}.Release|Any CPU.ActiveCfg = Debug|Any CPU
		{550DF24A-6657-4287-9CF2-B786DD205442}.Release|Any CPU.Build.0 = Debug|Any CPU
		{550DF24A-6657-4287-9CF2-B786DD205442}.Release|Any CPU.Deploy.0 = Debug|Any CPU
		{550DF24A-6657-4287-9CF2-B786DD205442}.Release|iPhone.ActiveCfg = Release|Any CPU
		{550DF24A-6657-4287-9CF2-B786DD205442}.Release|iPhone.Build.0 = Release|Any CPU
		{550DF24A-6657-4287-9CF2-B786DD205442}.Release|iPhone.Deploy.0 = Release|Any CPU
		{550DF24A-6657-4287-9CF2-B786DD205442}.Release|iPhoneSimulator.ActiveCfg = Release|Any CPU
		{550DF24A-6657-4287-9CF2-B786DD205442}.Release|iPhoneSimulator.Build.0 = Release|Any CPU
		{550DF24A-6657-4287-9CF2-B786DD205442}.Release|iPhoneSimulator.Deploy.0 = Release|Any CPU
		{550DF24A-6657-4287-9CF2-B786DD205442}.Release|x64.ActiveCfg = Release|Any CPU
		{550DF24A-6657-4287-9CF2-B786DD205442}.Release|x64.Build.0 = Release|Any CPU
		{550DF24A-6657-4287-9CF2-B786DD205442}.Release|x64.Deploy.0 = Release|Any CPU
		{550DF24A-6657-4287-9CF2-B786DD205442}.Release|x86.ActiveCfg = Release|Any CPU
		{550DF24A-6657-4287-9CF2-B786DD205442}.Release|x86.Build.0 = Release|Any CPU
		{550DF24A-6657-4287-9CF2-B786DD205442}.Release|x86.Deploy.0 = Release|Any CPU
		{DF800922-B2EF-4576-B029-B5CC06A26F3B}.Ad-Hoc|Any CPU.ActiveCfg = Debug|Any CPU
		{DF800922-B2EF-4576-B029-B5CC06A26F3B}.Ad-Hoc|Any CPU.Build.0 = Debug|Any CPU
		{DF800922-B2EF-4576-B029-B5CC06A26F3B}.Ad-Hoc|iPhone.ActiveCfg = Debug|Any CPU
		{DF800922-B2EF-4576-B029-B5CC06A26F3B}.Ad-Hoc|iPhone.Build.0 = Debug|Any CPU
		{DF800922-B2EF-4576-B029-B5CC06A26F3B}.Ad-Hoc|iPhoneSimulator.ActiveCfg = Debug|Any CPU
		{DF800922-B2EF-4576-B029-B5CC06A26F3B}.Ad-Hoc|iPhoneSimulator.Build.0 = Debug|Any CPU
		{DF800922-B2EF-4576-B029-B5CC06A26F3B}.Ad-Hoc|x64.ActiveCfg = Debug|Any CPU
		{DF800922-B2EF-4576-B029-B5CC06A26F3B}.Ad-Hoc|x64.Build.0 = Debug|Any CPU
		{DF800922-B2EF-4576-B029-B5CC06A26F3B}.Ad-Hoc|x86.ActiveCfg = Debug|Any CPU
		{DF800922-B2EF-4576-B029-B5CC06A26F3B}.Ad-Hoc|x86.Build.0 = Debug|Any CPU
		{DF800922-B2EF-4576-B029-B5CC06A26F3B}.AppStore|Any CPU.ActiveCfg = Debug|Any CPU
		{DF800922-B2EF-4576-B029-B5CC06A26F3B}.AppStore|Any CPU.Build.0 = Debug|Any CPU
		{DF800922-B2EF-4576-B029-B5CC06A26F3B}.AppStore|iPhone.ActiveCfg = Debug|Any CPU
		{DF800922-B2EF-4576-B029-B5CC06A26F3B}.AppStore|iPhone.Build.0 = Debug|Any CPU
		{DF800922-B2EF-4576-B029-B5CC06A26F3B}.AppStore|iPhoneSimulator.ActiveCfg = Debug|Any CPU
		{DF800922-B2EF-4576-B029-B5CC06A26F3B}.AppStore|iPhoneSimulator.Build.0 = Debug|Any CPU
		{DF800922-B2EF-4576-B029-B5CC06A26F3B}.AppStore|x64.ActiveCfg = Debug|Any CPU
		{DF800922-B2EF-4576-B029-B5CC06A26F3B}.AppStore|x64.Build.0 = Debug|Any CPU
		{DF800922-B2EF-4576-B029-B5CC06A26F3B}.AppStore|x86.ActiveCfg = Debug|Any CPU
		{DF800922-B2EF-4576-B029-B5CC06A26F3B}.AppStore|x86.Build.0 = Debug|Any CPU
		{DF800922-B2EF-4576-B029-B5CC06A26F3B}.Debug|Any CPU.ActiveCfg = Debug|Any CPU
		{DF800922-B2EF-4576-B029-B5CC06A26F3B}.Debug|Any CPU.Build.0 = Debug|Any CPU
		{DF800922-B2EF-4576-B029-B5CC06A26F3B}.Debug|iPhone.ActiveCfg = Debug|Any CPU
		{DF800922-B2EF-4576-B029-B5CC06A26F3B}.Debug|iPhone.Build.0 = Debug|Any CPU
		{DF800922-B2EF-4576-B029-B5CC06A26F3B}.Debug|iPhoneSimulator.ActiveCfg = Debug|Any CPU
		{DF800922-B2EF-4576-B029-B5CC06A26F3B}.Debug|iPhoneSimulator.Build.0 = Debug|Any CPU
		{DF800922-B2EF-4576-B029-B5CC06A26F3B}.Debug|x64.ActiveCfg = Debug|Any CPU
		{DF800922-B2EF-4576-B029-B5CC06A26F3B}.Debug|x64.Build.0 = Debug|Any CPU
		{DF800922-B2EF-4576-B029-B5CC06A26F3B}.Debug|x86.ActiveCfg = Debug|Any CPU
		{DF800922-B2EF-4576-B029-B5CC06A26F3B}.Debug|x86.Build.0 = Debug|Any CPU
		{DF800922-B2EF-4576-B029-B5CC06A26F3B}.Release|Any CPU.ActiveCfg = Debug|Any CPU
		{DF800922-B2EF-4576-B029-B5CC06A26F3B}.Release|Any CPU.Build.0 = Debug|Any CPU
		{DF800922-B2EF-4576-B029-B5CC06A26F3B}.Release|iPhone.ActiveCfg = Release|Any CPU
		{DF800922-B2EF-4576-B029-B5CC06A26F3B}.Release|iPhone.Build.0 = Release|Any CPU
		{DF800922-B2EF-4576-B029-B5CC06A26F3B}.Release|iPhoneSimulator.ActiveCfg = Release|Any CPU
		{DF800922-B2EF-4576-B029-B5CC06A26F3B}.Release|iPhoneSimulator.Build.0 = Release|Any CPU
		{DF800922-B2EF-4576-B029-B5CC06A26F3B}.Release|x64.ActiveCfg = Release|Any CPU
		{DF800922-B2EF-4576-B029-B5CC06A26F3B}.Release|x64.Build.0 = Release|Any CPU
		{DF800922-B2EF-4576-B029-B5CC06A26F3B}.Release|x86.ActiveCfg = Release|Any CPU
		{DF800922-B2EF-4576-B029-B5CC06A26F3B}.Release|x86.Build.0 = Release|Any CPU
		{DADCC73D-C11E-43B7-90B9-C6B3F423FE73}.Ad-Hoc|Any CPU.ActiveCfg = Debug|Any CPU
		{DADCC73D-C11E-43B7-90B9-C6B3F423FE73}.Ad-Hoc|Any CPU.Build.0 = Debug|Any CPU
		{DADCC73D-C11E-43B7-90B9-C6B3F423FE73}.Ad-Hoc|iPhone.ActiveCfg = Debug|Any CPU
		{DADCC73D-C11E-43B7-90B9-C6B3F423FE73}.Ad-Hoc|iPhone.Build.0 = Debug|Any CPU
		{DADCC73D-C11E-43B7-90B9-C6B3F423FE73}.Ad-Hoc|iPhoneSimulator.ActiveCfg = Debug|Any CPU
		{DADCC73D-C11E-43B7-90B9-C6B3F423FE73}.Ad-Hoc|iPhoneSimulator.Build.0 = Debug|Any CPU
		{DADCC73D-C11E-43B7-90B9-C6B3F423FE73}.Ad-Hoc|x64.ActiveCfg = Debug|Any CPU
		{DADCC73D-C11E-43B7-90B9-C6B3F423FE73}.Ad-Hoc|x64.Build.0 = Debug|Any CPU
		{DADCC73D-C11E-43B7-90B9-C6B3F423FE73}.Ad-Hoc|x86.ActiveCfg = Debug|Any CPU
		{DADCC73D-C11E-43B7-90B9-C6B3F423FE73}.Ad-Hoc|x86.Build.0 = Debug|Any CPU
		{DADCC73D-C11E-43B7-90B9-C6B3F423FE73}.AppStore|Any CPU.ActiveCfg = Debug|Any CPU
		{DADCC73D-C11E-43B7-90B9-C6B3F423FE73}.AppStore|Any CPU.Build.0 = Debug|Any CPU
		{DADCC73D-C11E-43B7-90B9-C6B3F423FE73}.AppStore|iPhone.ActiveCfg = Debug|Any CPU
		{DADCC73D-C11E-43B7-90B9-C6B3F423FE73}.AppStore|iPhone.Build.0 = Debug|Any CPU
		{DADCC73D-C11E-43B7-90B9-C6B3F423FE73}.AppStore|iPhoneSimulator.ActiveCfg = Debug|Any CPU
		{DADCC73D-C11E-43B7-90B9-C6B3F423FE73}.AppStore|iPhoneSimulator.Build.0 = Debug|Any CPU
		{DADCC73D-C11E-43B7-90B9-C6B3F423FE73}.AppStore|x64.ActiveCfg = Debug|Any CPU
		{DADCC73D-C11E-43B7-90B9-C6B3F423FE73}.AppStore|x64.Build.0 = Debug|Any CPU
		{DADCC73D-C11E-43B7-90B9-C6B3F423FE73}.AppStore|x86.ActiveCfg = Debug|Any CPU
		{DADCC73D-C11E-43B7-90B9-C6B3F423FE73}.AppStore|x86.Build.0 = Debug|Any CPU
		{DADCC73D-C11E-43B7-90B9-C6B3F423FE73}.Debug|Any CPU.ActiveCfg = Debug|Any CPU
		{DADCC73D-C11E-43B7-90B9-C6B3F423FE73}.Debug|Any CPU.Build.0 = Debug|Any CPU
		{DADCC73D-C11E-43B7-90B9-C6B3F423FE73}.Debug|iPhone.ActiveCfg = Debug|Any CPU
		{DADCC73D-C11E-43B7-90B9-C6B3F423FE73}.Debug|iPhone.Build.0 = Debug|Any CPU
		{DADCC73D-C11E-43B7-90B9-C6B3F423FE73}.Debug|iPhoneSimulator.ActiveCfg = Debug|Any CPU
		{DADCC73D-C11E-43B7-90B9-C6B3F423FE73}.Debug|iPhoneSimulator.Build.0 = Debug|Any CPU
		{DADCC73D-C11E-43B7-90B9-C6B3F423FE73}.Debug|x64.ActiveCfg = Debug|Any CPU
		{DADCC73D-C11E-43B7-90B9-C6B3F423FE73}.Debug|x64.Build.0 = Debug|Any CPU
		{DADCC73D-C11E-43B7-90B9-C6B3F423FE73}.Debug|x86.ActiveCfg = Debug|Any CPU
		{DADCC73D-C11E-43B7-90B9-C6B3F423FE73}.Debug|x86.Build.0 = Debug|Any CPU
		{DADCC73D-C11E-43B7-90B9-C6B3F423FE73}.Release|Any CPU.ActiveCfg = Debug|Any CPU
		{DADCC73D-C11E-43B7-90B9-C6B3F423FE73}.Release|Any CPU.Build.0 = Debug|Any CPU
		{DADCC73D-C11E-43B7-90B9-C6B3F423FE73}.Release|iPhone.ActiveCfg = Release|Any CPU
		{DADCC73D-C11E-43B7-90B9-C6B3F423FE73}.Release|iPhone.Build.0 = Release|Any CPU
		{DADCC73D-C11E-43B7-90B9-C6B3F423FE73}.Release|iPhoneSimulator.ActiveCfg = Release|Any CPU
		{DADCC73D-C11E-43B7-90B9-C6B3F423FE73}.Release|iPhoneSimulator.Build.0 = Release|Any CPU
		{DADCC73D-C11E-43B7-90B9-C6B3F423FE73}.Release|x64.ActiveCfg = Release|Any CPU
		{DADCC73D-C11E-43B7-90B9-C6B3F423FE73}.Release|x64.Build.0 = Release|Any CPU
		{DADCC73D-C11E-43B7-90B9-C6B3F423FE73}.Release|x86.ActiveCfg = Release|Any CPU
		{DADCC73D-C11E-43B7-90B9-C6B3F423FE73}.Release|x86.Build.0 = Release|Any CPU
		{D711269B-D3E8-4CD7-B443-D4409D2B8750}.Ad-Hoc|Any CPU.ActiveCfg = Debug|Any CPU
		{D711269B-D3E8-4CD7-B443-D4409D2B8750}.Ad-Hoc|Any CPU.Build.0 = Debug|Any CPU
		{D711269B-D3E8-4CD7-B443-D4409D2B8750}.Ad-Hoc|iPhone.ActiveCfg = Debug|Any CPU
		{D711269B-D3E8-4CD7-B443-D4409D2B8750}.Ad-Hoc|iPhone.Build.0 = Debug|Any CPU
		{D711269B-D3E8-4CD7-B443-D4409D2B8750}.Ad-Hoc|iPhoneSimulator.ActiveCfg = Debug|Any CPU
		{D711269B-D3E8-4CD7-B443-D4409D2B8750}.Ad-Hoc|iPhoneSimulator.Build.0 = Debug|Any CPU
		{D711269B-D3E8-4CD7-B443-D4409D2B8750}.Ad-Hoc|x64.ActiveCfg = Debug|Any CPU
		{D711269B-D3E8-4CD7-B443-D4409D2B8750}.Ad-Hoc|x64.Build.0 = Debug|Any CPU
		{D711269B-D3E8-4CD7-B443-D4409D2B8750}.Ad-Hoc|x86.ActiveCfg = Debug|Any CPU
		{D711269B-D3E8-4CD7-B443-D4409D2B8750}.Ad-Hoc|x86.Build.0 = Debug|Any CPU
		{D711269B-D3E8-4CD7-B443-D4409D2B8750}.AppStore|Any CPU.ActiveCfg = Debug|Any CPU
		{D711269B-D3E8-4CD7-B443-D4409D2B8750}.AppStore|Any CPU.Build.0 = Debug|Any CPU
		{D711269B-D3E8-4CD7-B443-D4409D2B8750}.AppStore|iPhone.ActiveCfg = Debug|Any CPU
		{D711269B-D3E8-4CD7-B443-D4409D2B8750}.AppStore|iPhone.Build.0 = Debug|Any CPU
		{D711269B-D3E8-4CD7-B443-D4409D2B8750}.AppStore|iPhoneSimulator.ActiveCfg = Debug|Any CPU
		{D711269B-D3E8-4CD7-B443-D4409D2B8750}.AppStore|iPhoneSimulator.Build.0 = Debug|Any CPU
		{D711269B-D3E8-4CD7-B443-D4409D2B8750}.AppStore|x64.ActiveCfg = Debug|Any CPU
		{D711269B-D3E8-4CD7-B443-D4409D2B8750}.AppStore|x64.Build.0 = Debug|Any CPU
		{D711269B-D3E8-4CD7-B443-D4409D2B8750}.AppStore|x86.ActiveCfg = Debug|Any CPU
		{D711269B-D3E8-4CD7-B443-D4409D2B8750}.AppStore|x86.Build.0 = Debug|Any CPU
		{D711269B-D3E8-4CD7-B443-D4409D2B8750}.Debug|Any CPU.ActiveCfg = Debug|Any CPU
		{D711269B-D3E8-4CD7-B443-D4409D2B8750}.Debug|Any CPU.Build.0 = Debug|Any CPU
		{D711269B-D3E8-4CD7-B443-D4409D2B8750}.Debug|iPhone.ActiveCfg = Debug|Any CPU
		{D711269B-D3E8-4CD7-B443-D4409D2B8750}.Debug|iPhone.Build.0 = Debug|Any CPU
		{D711269B-D3E8-4CD7-B443-D4409D2B8750}.Debug|iPhoneSimulator.ActiveCfg = Debug|Any CPU
		{D711269B-D3E8-4CD7-B443-D4409D2B8750}.Debug|iPhoneSimulator.Build.0 = Debug|Any CPU
		{D711269B-D3E8-4CD7-B443-D4409D2B8750}.Debug|x64.ActiveCfg = Debug|Any CPU
		{D711269B-D3E8-4CD7-B443-D4409D2B8750}.Debug|x64.Build.0 = Debug|Any CPU
		{D711269B-D3E8-4CD7-B443-D4409D2B8750}.Debug|x86.ActiveCfg = Debug|Any CPU
		{D711269B-D3E8-4CD7-B443-D4409D2B8750}.Debug|x86.Build.0 = Debug|Any CPU
		{D711269B-D3E8-4CD7-B443-D4409D2B8750}.Release|Any CPU.ActiveCfg = Debug|Any CPU
		{D711269B-D3E8-4CD7-B443-D4409D2B8750}.Release|Any CPU.Build.0 = Debug|Any CPU
		{D711269B-D3E8-4CD7-B443-D4409D2B8750}.Release|iPhone.ActiveCfg = Release|Any CPU
		{D711269B-D3E8-4CD7-B443-D4409D2B8750}.Release|iPhone.Build.0 = Release|Any CPU
		{D711269B-D3E8-4CD7-B443-D4409D2B8750}.Release|iPhoneSimulator.ActiveCfg = Release|Any CPU
		{D711269B-D3E8-4CD7-B443-D4409D2B8750}.Release|iPhoneSimulator.Build.0 = Release|Any CPU
		{D711269B-D3E8-4CD7-B443-D4409D2B8750}.Release|x64.ActiveCfg = Release|Any CPU
		{D711269B-D3E8-4CD7-B443-D4409D2B8750}.Release|x64.Build.0 = Release|Any CPU
		{D711269B-D3E8-4CD7-B443-D4409D2B8750}.Release|x86.ActiveCfg = Release|Any CPU
		{D711269B-D3E8-4CD7-B443-D4409D2B8750}.Release|x86.Build.0 = Release|Any CPU
		{477F7224-2E61-4B02-8247-49DFE9D92B69}.Ad-Hoc|Any CPU.ActiveCfg = Debug|Any CPU
		{477F7224-2E61-4B02-8247-49DFE9D92B69}.Ad-Hoc|Any CPU.Build.0 = Debug|Any CPU
		{477F7224-2E61-4B02-8247-49DFE9D92B69}.Ad-Hoc|iPhone.ActiveCfg = Debug|Any CPU
		{477F7224-2E61-4B02-8247-49DFE9D92B69}.Ad-Hoc|iPhone.Build.0 = Debug|Any CPU
		{477F7224-2E61-4B02-8247-49DFE9D92B69}.Ad-Hoc|iPhoneSimulator.ActiveCfg = Debug|Any CPU
		{477F7224-2E61-4B02-8247-49DFE9D92B69}.Ad-Hoc|iPhoneSimulator.Build.0 = Debug|Any CPU
		{477F7224-2E61-4B02-8247-49DFE9D92B69}.Ad-Hoc|x64.ActiveCfg = Debug|Any CPU
		{477F7224-2E61-4B02-8247-49DFE9D92B69}.Ad-Hoc|x64.Build.0 = Debug|Any CPU
		{477F7224-2E61-4B02-8247-49DFE9D92B69}.Ad-Hoc|x86.ActiveCfg = Debug|Any CPU
		{477F7224-2E61-4B02-8247-49DFE9D92B69}.Ad-Hoc|x86.Build.0 = Debug|Any CPU
		{477F7224-2E61-4B02-8247-49DFE9D92B69}.AppStore|Any CPU.ActiveCfg = Debug|Any CPU
		{477F7224-2E61-4B02-8247-49DFE9D92B69}.AppStore|Any CPU.Build.0 = Debug|Any CPU
		{477F7224-2E61-4B02-8247-49DFE9D92B69}.AppStore|iPhone.ActiveCfg = Debug|Any CPU
		{477F7224-2E61-4B02-8247-49DFE9D92B69}.AppStore|iPhone.Build.0 = Debug|Any CPU
		{477F7224-2E61-4B02-8247-49DFE9D92B69}.AppStore|iPhoneSimulator.ActiveCfg = Debug|Any CPU
		{477F7224-2E61-4B02-8247-49DFE9D92B69}.AppStore|iPhoneSimulator.Build.0 = Debug|Any CPU
		{477F7224-2E61-4B02-8247-49DFE9D92B69}.AppStore|x64.ActiveCfg = Debug|Any CPU
		{477F7224-2E61-4B02-8247-49DFE9D92B69}.AppStore|x64.Build.0 = Debug|Any CPU
		{477F7224-2E61-4B02-8247-49DFE9D92B69}.AppStore|x86.ActiveCfg = Debug|Any CPU
		{477F7224-2E61-4B02-8247-49DFE9D92B69}.AppStore|x86.Build.0 = Debug|Any CPU
		{477F7224-2E61-4B02-8247-49DFE9D92B69}.Debug|Any CPU.ActiveCfg = Debug|Any CPU
		{477F7224-2E61-4B02-8247-49DFE9D92B69}.Debug|Any CPU.Build.0 = Debug|Any CPU
		{477F7224-2E61-4B02-8247-49DFE9D92B69}.Debug|iPhone.ActiveCfg = Debug|Any CPU
		{477F7224-2E61-4B02-8247-49DFE9D92B69}.Debug|iPhone.Build.0 = Debug|Any CPU
		{477F7224-2E61-4B02-8247-49DFE9D92B69}.Debug|iPhoneSimulator.ActiveCfg = Debug|Any CPU
		{477F7224-2E61-4B02-8247-49DFE9D92B69}.Debug|iPhoneSimulator.Build.0 = Debug|Any CPU
		{477F7224-2E61-4B02-8247-49DFE9D92B69}.Debug|x64.ActiveCfg = Debug|Any CPU
		{477F7224-2E61-4B02-8247-49DFE9D92B69}.Debug|x64.Build.0 = Debug|Any CPU
		{477F7224-2E61-4B02-8247-49DFE9D92B69}.Debug|x86.ActiveCfg = Debug|Any CPU
		{477F7224-2E61-4B02-8247-49DFE9D92B69}.Debug|x86.Build.0 = Debug|Any CPU
		{477F7224-2E61-4B02-8247-49DFE9D92B69}.Release|Any CPU.ActiveCfg = Debug|Any CPU
		{477F7224-2E61-4B02-8247-49DFE9D92B69}.Release|Any CPU.Build.0 = Debug|Any CPU
		{477F7224-2E61-4B02-8247-49DFE9D92B69}.Release|iPhone.ActiveCfg = Release|Any CPU
		{477F7224-2E61-4B02-8247-49DFE9D92B69}.Release|iPhone.Build.0 = Release|Any CPU
		{477F7224-2E61-4B02-8247-49DFE9D92B69}.Release|iPhoneSimulator.ActiveCfg = Release|Any CPU
		{477F7224-2E61-4B02-8247-49DFE9D92B69}.Release|iPhoneSimulator.Build.0 = Release|Any CPU
		{477F7224-2E61-4B02-8247-49DFE9D92B69}.Release|x64.ActiveCfg = Release|Any CPU
		{477F7224-2E61-4B02-8247-49DFE9D92B69}.Release|x64.Build.0 = Release|Any CPU
		{477F7224-2E61-4B02-8247-49DFE9D92B69}.Release|x86.ActiveCfg = Release|Any CPU
		{477F7224-2E61-4B02-8247-49DFE9D92B69}.Release|x86.Build.0 = Release|Any CPU
		{CFC0FD87-E5DD-4AE1-B2FB-5DB447AC7425}.Ad-Hoc|Any CPU.ActiveCfg = Debug|Any CPU
		{CFC0FD87-E5DD-4AE1-B2FB-5DB447AC7425}.Ad-Hoc|Any CPU.Build.0 = Debug|Any CPU
		{CFC0FD87-E5DD-4AE1-B2FB-5DB447AC7425}.Ad-Hoc|iPhone.ActiveCfg = Debug|Any CPU
		{CFC0FD87-E5DD-4AE1-B2FB-5DB447AC7425}.Ad-Hoc|iPhone.Build.0 = Debug|Any CPU
		{CFC0FD87-E5DD-4AE1-B2FB-5DB447AC7425}.Ad-Hoc|iPhoneSimulator.ActiveCfg = Debug|Any CPU
		{CFC0FD87-E5DD-4AE1-B2FB-5DB447AC7425}.Ad-Hoc|iPhoneSimulator.Build.0 = Debug|Any CPU
		{CFC0FD87-E5DD-4AE1-B2FB-5DB447AC7425}.Ad-Hoc|x64.ActiveCfg = Debug|Any CPU
		{CFC0FD87-E5DD-4AE1-B2FB-5DB447AC7425}.Ad-Hoc|x64.Build.0 = Debug|Any CPU
		{CFC0FD87-E5DD-4AE1-B2FB-5DB447AC7425}.Ad-Hoc|x86.ActiveCfg = Debug|Any CPU
		{CFC0FD87-E5DD-4AE1-B2FB-5DB447AC7425}.Ad-Hoc|x86.Build.0 = Debug|Any CPU
		{CFC0FD87-E5DD-4AE1-B2FB-5DB447AC7425}.AppStore|Any CPU.ActiveCfg = Debug|Any CPU
		{CFC0FD87-E5DD-4AE1-B2FB-5DB447AC7425}.AppStore|Any CPU.Build.0 = Debug|Any CPU
		{CFC0FD87-E5DD-4AE1-B2FB-5DB447AC7425}.AppStore|iPhone.ActiveCfg = Debug|Any CPU
		{CFC0FD87-E5DD-4AE1-B2FB-5DB447AC7425}.AppStore|iPhone.Build.0 = Debug|Any CPU
		{CFC0FD87-E5DD-4AE1-B2FB-5DB447AC7425}.AppStore|iPhoneSimulator.ActiveCfg = Debug|Any CPU
		{CFC0FD87-E5DD-4AE1-B2FB-5DB447AC7425}.AppStore|iPhoneSimulator.Build.0 = Debug|Any CPU
		{CFC0FD87-E5DD-4AE1-B2FB-5DB447AC7425}.AppStore|x64.ActiveCfg = Debug|Any CPU
		{CFC0FD87-E5DD-4AE1-B2FB-5DB447AC7425}.AppStore|x64.Build.0 = Debug|Any CPU
		{CFC0FD87-E5DD-4AE1-B2FB-5DB447AC7425}.AppStore|x86.ActiveCfg = Debug|Any CPU
		{CFC0FD87-E5DD-4AE1-B2FB-5DB447AC7425}.AppStore|x86.Build.0 = Debug|Any CPU
		{CFC0FD87-E5DD-4AE1-B2FB-5DB447AC7425}.Debug|Any CPU.ActiveCfg = Debug|Any CPU
		{CFC0FD87-E5DD-4AE1-B2FB-5DB447AC7425}.Debug|Any CPU.Build.0 = Debug|Any CPU
		{CFC0FD87-E5DD-4AE1-B2FB-5DB447AC7425}.Debug|iPhone.ActiveCfg = Debug|Any CPU
		{CFC0FD87-E5DD-4AE1-B2FB-5DB447AC7425}.Debug|iPhone.Build.0 = Debug|Any CPU
		{CFC0FD87-E5DD-4AE1-B2FB-5DB447AC7425}.Debug|iPhoneSimulator.ActiveCfg = Debug|Any CPU
		{CFC0FD87-E5DD-4AE1-B2FB-5DB447AC7425}.Debug|iPhoneSimulator.Build.0 = Debug|Any CPU
		{CFC0FD87-E5DD-4AE1-B2FB-5DB447AC7425}.Debug|x64.ActiveCfg = Debug|Any CPU
		{CFC0FD87-E5DD-4AE1-B2FB-5DB447AC7425}.Debug|x64.Build.0 = Debug|Any CPU
		{CFC0FD87-E5DD-4AE1-B2FB-5DB447AC7425}.Debug|x86.ActiveCfg = Debug|Any CPU
		{CFC0FD87-E5DD-4AE1-B2FB-5DB447AC7425}.Debug|x86.Build.0 = Debug|Any CPU
		{CFC0FD87-E5DD-4AE1-B2FB-5DB447AC7425}.Release|Any CPU.ActiveCfg = Debug|Any CPU
		{CFC0FD87-E5DD-4AE1-B2FB-5DB447AC7425}.Release|Any CPU.Build.0 = Debug|Any CPU
		{CFC0FD87-E5DD-4AE1-B2FB-5DB447AC7425}.Release|iPhone.ActiveCfg = Release|Any CPU
		{CFC0FD87-E5DD-4AE1-B2FB-5DB447AC7425}.Release|iPhone.Build.0 = Release|Any CPU
		{CFC0FD87-E5DD-4AE1-B2FB-5DB447AC7425}.Release|iPhoneSimulator.ActiveCfg = Release|Any CPU
		{CFC0FD87-E5DD-4AE1-B2FB-5DB447AC7425}.Release|iPhoneSimulator.Build.0 = Release|Any CPU
		{CFC0FD87-E5DD-4AE1-B2FB-5DB447AC7425}.Release|x64.ActiveCfg = Release|Any CPU
		{CFC0FD87-E5DD-4AE1-B2FB-5DB447AC7425}.Release|x64.Build.0 = Release|Any CPU
		{CFC0FD87-E5DD-4AE1-B2FB-5DB447AC7425}.Release|x86.ActiveCfg = Release|Any CPU
		{CFC0FD87-E5DD-4AE1-B2FB-5DB447AC7425}.Release|x86.Build.0 = Release|Any CPU
		{5230ED0A-D0AE-42B6-B215-E47276416EAE}.Ad-Hoc|Any CPU.ActiveCfg = Debug|Any CPU
		{5230ED0A-D0AE-42B6-B215-E47276416EAE}.Ad-Hoc|Any CPU.Build.0 = Debug|Any CPU
		{5230ED0A-D0AE-42B6-B215-E47276416EAE}.Ad-Hoc|iPhone.ActiveCfg = Debug|Any CPU
		{5230ED0A-D0AE-42B6-B215-E47276416EAE}.Ad-Hoc|iPhone.Build.0 = Debug|Any CPU
		{5230ED0A-D0AE-42B6-B215-E47276416EAE}.Ad-Hoc|iPhoneSimulator.ActiveCfg = Debug|Any CPU
		{5230ED0A-D0AE-42B6-B215-E47276416EAE}.Ad-Hoc|iPhoneSimulator.Build.0 = Debug|Any CPU
		{5230ED0A-D0AE-42B6-B215-E47276416EAE}.Ad-Hoc|x64.ActiveCfg = Debug|Any CPU
		{5230ED0A-D0AE-42B6-B215-E47276416EAE}.Ad-Hoc|x64.Build.0 = Debug|Any CPU
		{5230ED0A-D0AE-42B6-B215-E47276416EAE}.Ad-Hoc|x86.ActiveCfg = Debug|Any CPU
		{5230ED0A-D0AE-42B6-B215-E47276416EAE}.Ad-Hoc|x86.Build.0 = Debug|Any CPU
		{5230ED0A-D0AE-42B6-B215-E47276416EAE}.AppStore|Any CPU.ActiveCfg = Debug|Any CPU
		{5230ED0A-D0AE-42B6-B215-E47276416EAE}.AppStore|Any CPU.Build.0 = Debug|Any CPU
		{5230ED0A-D0AE-42B6-B215-E47276416EAE}.AppStore|iPhone.ActiveCfg = Debug|Any CPU
		{5230ED0A-D0AE-42B6-B215-E47276416EAE}.AppStore|iPhone.Build.0 = Debug|Any CPU
		{5230ED0A-D0AE-42B6-B215-E47276416EAE}.AppStore|iPhoneSimulator.ActiveCfg = Debug|Any CPU
		{5230ED0A-D0AE-42B6-B215-E47276416EAE}.AppStore|iPhoneSimulator.Build.0 = Debug|Any CPU
		{5230ED0A-D0AE-42B6-B215-E47276416EAE}.AppStore|x64.ActiveCfg = Debug|Any CPU
		{5230ED0A-D0AE-42B6-B215-E47276416EAE}.AppStore|x64.Build.0 = Debug|Any CPU
		{5230ED0A-D0AE-42B6-B215-E47276416EAE}.AppStore|x86.ActiveCfg = Debug|Any CPU
		{5230ED0A-D0AE-42B6-B215-E47276416EAE}.AppStore|x86.Build.0 = Debug|Any CPU
		{5230ED0A-D0AE-42B6-B215-E47276416EAE}.Debug|Any CPU.ActiveCfg = Debug|Any CPU
		{5230ED0A-D0AE-42B6-B215-E47276416EAE}.Debug|Any CPU.Build.0 = Debug|Any CPU
		{5230ED0A-D0AE-42B6-B215-E47276416EAE}.Debug|iPhone.ActiveCfg = Debug|Any CPU
		{5230ED0A-D0AE-42B6-B215-E47276416EAE}.Debug|iPhone.Build.0 = Debug|Any CPU
		{5230ED0A-D0AE-42B6-B215-E47276416EAE}.Debug|iPhoneSimulator.ActiveCfg = Debug|Any CPU
		{5230ED0A-D0AE-42B6-B215-E47276416EAE}.Debug|iPhoneSimulator.Build.0 = Debug|Any CPU
		{5230ED0A-D0AE-42B6-B215-E47276416EAE}.Debug|x64.ActiveCfg = Debug|Any CPU
		{5230ED0A-D0AE-42B6-B215-E47276416EAE}.Debug|x64.Build.0 = Debug|Any CPU
		{5230ED0A-D0AE-42B6-B215-E47276416EAE}.Debug|x86.ActiveCfg = Debug|Any CPU
		{5230ED0A-D0AE-42B6-B215-E47276416EAE}.Debug|x86.Build.0 = Debug|Any CPU
		{5230ED0A-D0AE-42B6-B215-E47276416EAE}.Release|Any CPU.ActiveCfg = Debug|Any CPU
		{5230ED0A-D0AE-42B6-B215-E47276416EAE}.Release|Any CPU.Build.0 = Debug|Any CPU
		{5230ED0A-D0AE-42B6-B215-E47276416EAE}.Release|iPhone.ActiveCfg = Release|Any CPU
		{5230ED0A-D0AE-42B6-B215-E47276416EAE}.Release|iPhone.Build.0 = Release|Any CPU
		{5230ED0A-D0AE-42B6-B215-E47276416EAE}.Release|iPhoneSimulator.ActiveCfg = Release|Any CPU
		{5230ED0A-D0AE-42B6-B215-E47276416EAE}.Release|iPhoneSimulator.Build.0 = Release|Any CPU
		{5230ED0A-D0AE-42B6-B215-E47276416EAE}.Release|x64.ActiveCfg = Release|Any CPU
		{5230ED0A-D0AE-42B6-B215-E47276416EAE}.Release|x64.Build.0 = Release|Any CPU
		{5230ED0A-D0AE-42B6-B215-E47276416EAE}.Release|x86.ActiveCfg = Release|Any CPU
		{5230ED0A-D0AE-42B6-B215-E47276416EAE}.Release|x86.Build.0 = Release|Any CPU
		{9E873C65-9F48-47A2-9347-BBE334125A47}.Ad-Hoc|Any CPU.ActiveCfg = Debug|Any CPU
		{9E873C65-9F48-47A2-9347-BBE334125A47}.Ad-Hoc|Any CPU.Build.0 = Debug|Any CPU
		{9E873C65-9F48-47A2-9347-BBE334125A47}.Ad-Hoc|iPhone.ActiveCfg = Debug|Any CPU
		{9E873C65-9F48-47A2-9347-BBE334125A47}.Ad-Hoc|iPhone.Build.0 = Debug|Any CPU
		{9E873C65-9F48-47A2-9347-BBE334125A47}.Ad-Hoc|iPhoneSimulator.ActiveCfg = Debug|Any CPU
		{9E873C65-9F48-47A2-9347-BBE334125A47}.Ad-Hoc|iPhoneSimulator.Build.0 = Debug|Any CPU
		{9E873C65-9F48-47A2-9347-BBE334125A47}.Ad-Hoc|x64.ActiveCfg = Debug|Any CPU
		{9E873C65-9F48-47A2-9347-BBE334125A47}.Ad-Hoc|x64.Build.0 = Debug|Any CPU
		{9E873C65-9F48-47A2-9347-BBE334125A47}.Ad-Hoc|x86.ActiveCfg = Debug|Any CPU
		{9E873C65-9F48-47A2-9347-BBE334125A47}.Ad-Hoc|x86.Build.0 = Debug|Any CPU
		{9E873C65-9F48-47A2-9347-BBE334125A47}.AppStore|Any CPU.ActiveCfg = Debug|Any CPU
		{9E873C65-9F48-47A2-9347-BBE334125A47}.AppStore|Any CPU.Build.0 = Debug|Any CPU
		{9E873C65-9F48-47A2-9347-BBE334125A47}.AppStore|iPhone.ActiveCfg = Debug|Any CPU
		{9E873C65-9F48-47A2-9347-BBE334125A47}.AppStore|iPhone.Build.0 = Debug|Any CPU
		{9E873C65-9F48-47A2-9347-BBE334125A47}.AppStore|iPhoneSimulator.ActiveCfg = Debug|Any CPU
		{9E873C65-9F48-47A2-9347-BBE334125A47}.AppStore|iPhoneSimulator.Build.0 = Debug|Any CPU
		{9E873C65-9F48-47A2-9347-BBE334125A47}.AppStore|x64.ActiveCfg = Debug|Any CPU
		{9E873C65-9F48-47A2-9347-BBE334125A47}.AppStore|x64.Build.0 = Debug|Any CPU
		{9E873C65-9F48-47A2-9347-BBE334125A47}.AppStore|x86.ActiveCfg = Debug|Any CPU
		{9E873C65-9F48-47A2-9347-BBE334125A47}.AppStore|x86.Build.0 = Debug|Any CPU
		{9E873C65-9F48-47A2-9347-BBE334125A47}.Debug|Any CPU.ActiveCfg = Debug|Any CPU
		{9E873C65-9F48-47A2-9347-BBE334125A47}.Debug|Any CPU.Build.0 = Debug|Any CPU
		{9E873C65-9F48-47A2-9347-BBE334125A47}.Debug|iPhone.ActiveCfg = Debug|Any CPU
		{9E873C65-9F48-47A2-9347-BBE334125A47}.Debug|iPhone.Build.0 = Debug|Any CPU
		{9E873C65-9F48-47A2-9347-BBE334125A47}.Debug|iPhoneSimulator.ActiveCfg = Debug|Any CPU
		{9E873C65-9F48-47A2-9347-BBE334125A47}.Debug|iPhoneSimulator.Build.0 = Debug|Any CPU
		{9E873C65-9F48-47A2-9347-BBE334125A47}.Debug|x64.ActiveCfg = Debug|Any CPU
		{9E873C65-9F48-47A2-9347-BBE334125A47}.Debug|x64.Build.0 = Debug|Any CPU
		{9E873C65-9F48-47A2-9347-BBE334125A47}.Debug|x86.ActiveCfg = Debug|Any CPU
		{9E873C65-9F48-47A2-9347-BBE334125A47}.Debug|x86.Build.0 = Debug|Any CPU
		{9E873C65-9F48-47A2-9347-BBE334125A47}.Release|Any CPU.ActiveCfg = Release|Any CPU
		{9E873C65-9F48-47A2-9347-BBE334125A47}.Release|Any CPU.Build.0 = Release|Any CPU
		{9E873C65-9F48-47A2-9347-BBE334125A47}.Release|iPhone.ActiveCfg = Release|Any CPU
		{9E873C65-9F48-47A2-9347-BBE334125A47}.Release|iPhone.Build.0 = Release|Any CPU
		{9E873C65-9F48-47A2-9347-BBE334125A47}.Release|iPhoneSimulator.ActiveCfg = Release|Any CPU
		{9E873C65-9F48-47A2-9347-BBE334125A47}.Release|iPhoneSimulator.Build.0 = Release|Any CPU
		{9E873C65-9F48-47A2-9347-BBE334125A47}.Release|x64.ActiveCfg = Release|Any CPU
		{9E873C65-9F48-47A2-9347-BBE334125A47}.Release|x64.Build.0 = Release|Any CPU
		{9E873C65-9F48-47A2-9347-BBE334125A47}.Release|x86.ActiveCfg = Release|Any CPU
		{9E873C65-9F48-47A2-9347-BBE334125A47}.Release|x86.Build.0 = Release|Any CPU
		{98B0A59B-442B-4FF3-9601-5EA969ED9272}.Ad-Hoc|Any CPU.ActiveCfg = Debug|Any CPU
		{98B0A59B-442B-4FF3-9601-5EA969ED9272}.Ad-Hoc|Any CPU.Build.0 = Debug|Any CPU
		{98B0A59B-442B-4FF3-9601-5EA969ED9272}.Ad-Hoc|iPhone.ActiveCfg = Debug|Any CPU
		{98B0A59B-442B-4FF3-9601-5EA969ED9272}.Ad-Hoc|iPhone.Build.0 = Debug|Any CPU
		{98B0A59B-442B-4FF3-9601-5EA969ED9272}.Ad-Hoc|iPhoneSimulator.ActiveCfg = Debug|Any CPU
		{98B0A59B-442B-4FF3-9601-5EA969ED9272}.Ad-Hoc|iPhoneSimulator.Build.0 = Debug|Any CPU
		{98B0A59B-442B-4FF3-9601-5EA969ED9272}.Ad-Hoc|x64.ActiveCfg = Debug|Any CPU
		{98B0A59B-442B-4FF3-9601-5EA969ED9272}.Ad-Hoc|x64.Build.0 = Debug|Any CPU
		{98B0A59B-442B-4FF3-9601-5EA969ED9272}.Ad-Hoc|x86.ActiveCfg = Debug|Any CPU
		{98B0A59B-442B-4FF3-9601-5EA969ED9272}.Ad-Hoc|x86.Build.0 = Debug|Any CPU
		{98B0A59B-442B-4FF3-9601-5EA969ED9272}.AppStore|Any CPU.ActiveCfg = Debug|Any CPU
		{98B0A59B-442B-4FF3-9601-5EA969ED9272}.AppStore|Any CPU.Build.0 = Debug|Any CPU
		{98B0A59B-442B-4FF3-9601-5EA969ED9272}.AppStore|iPhone.ActiveCfg = Debug|Any CPU
		{98B0A59B-442B-4FF3-9601-5EA969ED9272}.AppStore|iPhone.Build.0 = Debug|Any CPU
		{98B0A59B-442B-4FF3-9601-5EA969ED9272}.AppStore|iPhoneSimulator.ActiveCfg = Debug|Any CPU
		{98B0A59B-442B-4FF3-9601-5EA969ED9272}.AppStore|iPhoneSimulator.Build.0 = Debug|Any CPU
		{98B0A59B-442B-4FF3-9601-5EA969ED9272}.AppStore|x64.ActiveCfg = Debug|Any CPU
		{98B0A59B-442B-4FF3-9601-5EA969ED9272}.AppStore|x64.Build.0 = Debug|Any CPU
		{98B0A59B-442B-4FF3-9601-5EA969ED9272}.AppStore|x86.ActiveCfg = Debug|Any CPU
		{98B0A59B-442B-4FF3-9601-5EA969ED9272}.AppStore|x86.Build.0 = Debug|Any CPU
		{98B0A59B-442B-4FF3-9601-5EA969ED9272}.Debug|Any CPU.ActiveCfg = Debug|Any CPU
		{98B0A59B-442B-4FF3-9601-5EA969ED9272}.Debug|Any CPU.Build.0 = Debug|Any CPU
		{98B0A59B-442B-4FF3-9601-5EA969ED9272}.Debug|iPhone.ActiveCfg = Debug|Any CPU
		{98B0A59B-442B-4FF3-9601-5EA969ED9272}.Debug|iPhone.Build.0 = Debug|Any CPU
		{98B0A59B-442B-4FF3-9601-5EA969ED9272}.Debug|iPhoneSimulator.ActiveCfg = Debug|Any CPU
		{98B0A59B-442B-4FF3-9601-5EA969ED9272}.Debug|iPhoneSimulator.Build.0 = Debug|Any CPU
		{98B0A59B-442B-4FF3-9601-5EA969ED9272}.Debug|x64.ActiveCfg = Debug|Any CPU
		{98B0A59B-442B-4FF3-9601-5EA969ED9272}.Debug|x64.Build.0 = Debug|Any CPU
		{98B0A59B-442B-4FF3-9601-5EA969ED9272}.Debug|x86.ActiveCfg = Debug|Any CPU
		{98B0A59B-442B-4FF3-9601-5EA969ED9272}.Debug|x86.Build.0 = Debug|Any CPU
		{98B0A59B-442B-4FF3-9601-5EA969ED9272}.Release|Any CPU.ActiveCfg = Release|Any CPU
		{98B0A59B-442B-4FF3-9601-5EA969ED9272}.Release|Any CPU.Build.0 = Release|Any CPU
		{98B0A59B-442B-4FF3-9601-5EA969ED9272}.Release|iPhone.ActiveCfg = Release|Any CPU
		{98B0A59B-442B-4FF3-9601-5EA969ED9272}.Release|iPhone.Build.0 = Release|Any CPU
		{98B0A59B-442B-4FF3-9601-5EA969ED9272}.Release|iPhoneSimulator.ActiveCfg = Release|Any CPU
		{98B0A59B-442B-4FF3-9601-5EA969ED9272}.Release|iPhoneSimulator.Build.0 = Release|Any CPU
		{98B0A59B-442B-4FF3-9601-5EA969ED9272}.Release|x64.ActiveCfg = Release|Any CPU
		{98B0A59B-442B-4FF3-9601-5EA969ED9272}.Release|x64.Build.0 = Release|Any CPU
		{98B0A59B-442B-4FF3-9601-5EA969ED9272}.Release|x86.ActiveCfg = Release|Any CPU
		{98B0A59B-442B-4FF3-9601-5EA969ED9272}.Release|x86.Build.0 = Release|Any CPU
		{35283729-020B-4B8D-985A-1C3FA8886B12}.Ad-Hoc|Any CPU.ActiveCfg = Debug|Any CPU
		{35283729-020B-4B8D-985A-1C3FA8886B12}.Ad-Hoc|Any CPU.Build.0 = Debug|Any CPU
		{35283729-020B-4B8D-985A-1C3FA8886B12}.Ad-Hoc|iPhone.ActiveCfg = Debug|Any CPU
		{35283729-020B-4B8D-985A-1C3FA8886B12}.Ad-Hoc|iPhone.Build.0 = Debug|Any CPU
		{35283729-020B-4B8D-985A-1C3FA8886B12}.Ad-Hoc|iPhoneSimulator.ActiveCfg = Debug|Any CPU
		{35283729-020B-4B8D-985A-1C3FA8886B12}.Ad-Hoc|iPhoneSimulator.Build.0 = Debug|Any CPU
		{35283729-020B-4B8D-985A-1C3FA8886B12}.Ad-Hoc|x64.ActiveCfg = Debug|Any CPU
		{35283729-020B-4B8D-985A-1C3FA8886B12}.Ad-Hoc|x64.Build.0 = Debug|Any CPU
		{35283729-020B-4B8D-985A-1C3FA8886B12}.Ad-Hoc|x86.ActiveCfg = Debug|Any CPU
		{35283729-020B-4B8D-985A-1C3FA8886B12}.Ad-Hoc|x86.Build.0 = Debug|Any CPU
		{35283729-020B-4B8D-985A-1C3FA8886B12}.AppStore|Any CPU.ActiveCfg = Debug|Any CPU
		{35283729-020B-4B8D-985A-1C3FA8886B12}.AppStore|Any CPU.Build.0 = Debug|Any CPU
		{35283729-020B-4B8D-985A-1C3FA8886B12}.AppStore|iPhone.ActiveCfg = Debug|Any CPU
		{35283729-020B-4B8D-985A-1C3FA8886B12}.AppStore|iPhone.Build.0 = Debug|Any CPU
		{35283729-020B-4B8D-985A-1C3FA8886B12}.AppStore|iPhoneSimulator.ActiveCfg = Debug|Any CPU
		{35283729-020B-4B8D-985A-1C3FA8886B12}.AppStore|iPhoneSimulator.Build.0 = Debug|Any CPU
		{35283729-020B-4B8D-985A-1C3FA8886B12}.AppStore|x64.ActiveCfg = Debug|Any CPU
		{35283729-020B-4B8D-985A-1C3FA8886B12}.AppStore|x64.Build.0 = Debug|Any CPU
		{35283729-020B-4B8D-985A-1C3FA8886B12}.AppStore|x86.ActiveCfg = Debug|Any CPU
		{35283729-020B-4B8D-985A-1C3FA8886B12}.AppStore|x86.Build.0 = Debug|Any CPU
		{35283729-020B-4B8D-985A-1C3FA8886B12}.Debug|Any CPU.ActiveCfg = Debug|Any CPU
		{35283729-020B-4B8D-985A-1C3FA8886B12}.Debug|Any CPU.Build.0 = Debug|Any CPU
		{35283729-020B-4B8D-985A-1C3FA8886B12}.Debug|iPhone.ActiveCfg = Debug|Any CPU
		{35283729-020B-4B8D-985A-1C3FA8886B12}.Debug|iPhone.Build.0 = Debug|Any CPU
		{35283729-020B-4B8D-985A-1C3FA8886B12}.Debug|iPhoneSimulator.ActiveCfg = Debug|Any CPU
		{35283729-020B-4B8D-985A-1C3FA8886B12}.Debug|iPhoneSimulator.Build.0 = Debug|Any CPU
		{35283729-020B-4B8D-985A-1C3FA8886B12}.Debug|x64.ActiveCfg = Debug|Any CPU
		{35283729-020B-4B8D-985A-1C3FA8886B12}.Debug|x64.Build.0 = Debug|Any CPU
		{35283729-020B-4B8D-985A-1C3FA8886B12}.Debug|x86.ActiveCfg = Debug|Any CPU
		{35283729-020B-4B8D-985A-1C3FA8886B12}.Debug|x86.Build.0 = Debug|Any CPU
		{35283729-020B-4B8D-985A-1C3FA8886B12}.Release|Any CPU.ActiveCfg = Release|Any CPU
		{35283729-020B-4B8D-985A-1C3FA8886B12}.Release|Any CPU.Build.0 = Release|Any CPU
		{35283729-020B-4B8D-985A-1C3FA8886B12}.Release|iPhone.ActiveCfg = Release|Any CPU
		{35283729-020B-4B8D-985A-1C3FA8886B12}.Release|iPhone.Build.0 = Release|Any CPU
		{35283729-020B-4B8D-985A-1C3FA8886B12}.Release|iPhoneSimulator.ActiveCfg = Release|Any CPU
		{35283729-020B-4B8D-985A-1C3FA8886B12}.Release|iPhoneSimulator.Build.0 = Release|Any CPU
		{35283729-020B-4B8D-985A-1C3FA8886B12}.Release|x64.ActiveCfg = Release|Any CPU
		{35283729-020B-4B8D-985A-1C3FA8886B12}.Release|x64.Build.0 = Release|Any CPU
		{35283729-020B-4B8D-985A-1C3FA8886B12}.Release|x86.ActiveCfg = Release|Any CPU
		{35283729-020B-4B8D-985A-1C3FA8886B12}.Release|x86.Build.0 = Release|Any CPU
		{AC2E123F-A2AA-4EE4-9685-E2C062460E1F}.Ad-Hoc|Any CPU.ActiveCfg = Debug|Any CPU
		{AC2E123F-A2AA-4EE4-9685-E2C062460E1F}.Ad-Hoc|Any CPU.Build.0 = Debug|Any CPU
		{AC2E123F-A2AA-4EE4-9685-E2C062460E1F}.Ad-Hoc|iPhone.ActiveCfg = Debug|Any CPU
		{AC2E123F-A2AA-4EE4-9685-E2C062460E1F}.Ad-Hoc|iPhone.Build.0 = Debug|Any CPU
		{AC2E123F-A2AA-4EE4-9685-E2C062460E1F}.Ad-Hoc|iPhoneSimulator.ActiveCfg = Debug|Any CPU
		{AC2E123F-A2AA-4EE4-9685-E2C062460E1F}.Ad-Hoc|iPhoneSimulator.Build.0 = Debug|Any CPU
		{AC2E123F-A2AA-4EE4-9685-E2C062460E1F}.Ad-Hoc|x64.ActiveCfg = Debug|Any CPU
		{AC2E123F-A2AA-4EE4-9685-E2C062460E1F}.Ad-Hoc|x64.Build.0 = Debug|Any CPU
		{AC2E123F-A2AA-4EE4-9685-E2C062460E1F}.Ad-Hoc|x86.ActiveCfg = Debug|Any CPU
		{AC2E123F-A2AA-4EE4-9685-E2C062460E1F}.Ad-Hoc|x86.Build.0 = Debug|Any CPU
		{AC2E123F-A2AA-4EE4-9685-E2C062460E1F}.AppStore|Any CPU.ActiveCfg = Debug|Any CPU
		{AC2E123F-A2AA-4EE4-9685-E2C062460E1F}.AppStore|Any CPU.Build.0 = Debug|Any CPU
		{AC2E123F-A2AA-4EE4-9685-E2C062460E1F}.AppStore|iPhone.ActiveCfg = Debug|Any CPU
		{AC2E123F-A2AA-4EE4-9685-E2C062460E1F}.AppStore|iPhone.Build.0 = Debug|Any CPU
		{AC2E123F-A2AA-4EE4-9685-E2C062460E1F}.AppStore|iPhoneSimulator.ActiveCfg = Debug|Any CPU
		{AC2E123F-A2AA-4EE4-9685-E2C062460E1F}.AppStore|iPhoneSimulator.Build.0 = Debug|Any CPU
		{AC2E123F-A2AA-4EE4-9685-E2C062460E1F}.AppStore|x64.ActiveCfg = Debug|Any CPU
		{AC2E123F-A2AA-4EE4-9685-E2C062460E1F}.AppStore|x64.Build.0 = Debug|Any CPU
		{AC2E123F-A2AA-4EE4-9685-E2C062460E1F}.AppStore|x86.ActiveCfg = Debug|Any CPU
		{AC2E123F-A2AA-4EE4-9685-E2C062460E1F}.AppStore|x86.Build.0 = Debug|Any CPU
		{AC2E123F-A2AA-4EE4-9685-E2C062460E1F}.Debug|Any CPU.ActiveCfg = Debug|Any CPU
		{AC2E123F-A2AA-4EE4-9685-E2C062460E1F}.Debug|Any CPU.Build.0 = Debug|Any CPU
		{AC2E123F-A2AA-4EE4-9685-E2C062460E1F}.Debug|iPhone.ActiveCfg = Debug|Any CPU
		{AC2E123F-A2AA-4EE4-9685-E2C062460E1F}.Debug|iPhone.Build.0 = Debug|Any CPU
		{AC2E123F-A2AA-4EE4-9685-E2C062460E1F}.Debug|iPhoneSimulator.ActiveCfg = Debug|Any CPU
		{AC2E123F-A2AA-4EE4-9685-E2C062460E1F}.Debug|iPhoneSimulator.Build.0 = Debug|Any CPU
		{AC2E123F-A2AA-4EE4-9685-E2C062460E1F}.Debug|x64.ActiveCfg = Debug|Any CPU
		{AC2E123F-A2AA-4EE4-9685-E2C062460E1F}.Debug|x64.Build.0 = Debug|Any CPU
		{AC2E123F-A2AA-4EE4-9685-E2C062460E1F}.Debug|x86.ActiveCfg = Debug|Any CPU
		{AC2E123F-A2AA-4EE4-9685-E2C062460E1F}.Debug|x86.Build.0 = Debug|Any CPU
		{AC2E123F-A2AA-4EE4-9685-E2C062460E1F}.Release|Any CPU.ActiveCfg = Release|Any CPU
		{AC2E123F-A2AA-4EE4-9685-E2C062460E1F}.Release|Any CPU.Build.0 = Release|Any CPU
		{AC2E123F-A2AA-4EE4-9685-E2C062460E1F}.Release|iPhone.ActiveCfg = Release|Any CPU
		{AC2E123F-A2AA-4EE4-9685-E2C062460E1F}.Release|iPhone.Build.0 = Release|Any CPU
		{AC2E123F-A2AA-4EE4-9685-E2C062460E1F}.Release|iPhoneSimulator.ActiveCfg = Release|Any CPU
		{AC2E123F-A2AA-4EE4-9685-E2C062460E1F}.Release|iPhoneSimulator.Build.0 = Release|Any CPU
		{AC2E123F-A2AA-4EE4-9685-E2C062460E1F}.Release|x64.ActiveCfg = Release|Any CPU
		{AC2E123F-A2AA-4EE4-9685-E2C062460E1F}.Release|x64.Build.0 = Release|Any CPU
		{AC2E123F-A2AA-4EE4-9685-E2C062460E1F}.Release|x86.ActiveCfg = Release|Any CPU
		{AC2E123F-A2AA-4EE4-9685-E2C062460E1F}.Release|x86.Build.0 = Release|Any CPU
		{E7DE42B1-64A1-4279-9D57-BC322BC335B4}.Ad-Hoc|Any CPU.ActiveCfg = Debug|Any CPU
		{E7DE42B1-64A1-4279-9D57-BC322BC335B4}.Ad-Hoc|Any CPU.Build.0 = Debug|Any CPU
		{E7DE42B1-64A1-4279-9D57-BC322BC335B4}.Ad-Hoc|iPhone.ActiveCfg = Debug|Any CPU
		{E7DE42B1-64A1-4279-9D57-BC322BC335B4}.Ad-Hoc|iPhone.Build.0 = Debug|Any CPU
		{E7DE42B1-64A1-4279-9D57-BC322BC335B4}.Ad-Hoc|iPhoneSimulator.ActiveCfg = Debug|Any CPU
		{E7DE42B1-64A1-4279-9D57-BC322BC335B4}.Ad-Hoc|iPhoneSimulator.Build.0 = Debug|Any CPU
		{E7DE42B1-64A1-4279-9D57-BC322BC335B4}.Ad-Hoc|x64.ActiveCfg = Debug|Any CPU
		{E7DE42B1-64A1-4279-9D57-BC322BC335B4}.Ad-Hoc|x64.Build.0 = Debug|Any CPU
		{E7DE42B1-64A1-4279-9D57-BC322BC335B4}.Ad-Hoc|x86.ActiveCfg = Debug|Any CPU
		{E7DE42B1-64A1-4279-9D57-BC322BC335B4}.Ad-Hoc|x86.Build.0 = Debug|Any CPU
		{E7DE42B1-64A1-4279-9D57-BC322BC335B4}.AppStore|Any CPU.ActiveCfg = Debug|Any CPU
		{E7DE42B1-64A1-4279-9D57-BC322BC335B4}.AppStore|Any CPU.Build.0 = Debug|Any CPU
		{E7DE42B1-64A1-4279-9D57-BC322BC335B4}.AppStore|iPhone.ActiveCfg = Debug|Any CPU
		{E7DE42B1-64A1-4279-9D57-BC322BC335B4}.AppStore|iPhone.Build.0 = Debug|Any CPU
		{E7DE42B1-64A1-4279-9D57-BC322BC335B4}.AppStore|iPhoneSimulator.ActiveCfg = Debug|Any CPU
		{E7DE42B1-64A1-4279-9D57-BC322BC335B4}.AppStore|iPhoneSimulator.Build.0 = Debug|Any CPU
		{E7DE42B1-64A1-4279-9D57-BC322BC335B4}.AppStore|x64.ActiveCfg = Debug|Any CPU
		{E7DE42B1-64A1-4279-9D57-BC322BC335B4}.AppStore|x64.Build.0 = Debug|Any CPU
		{E7DE42B1-64A1-4279-9D57-BC322BC335B4}.AppStore|x86.ActiveCfg = Debug|Any CPU
		{E7DE42B1-64A1-4279-9D57-BC322BC335B4}.AppStore|x86.Build.0 = Debug|Any CPU
		{E7DE42B1-64A1-4279-9D57-BC322BC335B4}.Debug|Any CPU.ActiveCfg = Debug|Any CPU
		{E7DE42B1-64A1-4279-9D57-BC322BC335B4}.Debug|Any CPU.Build.0 = Debug|Any CPU
		{E7DE42B1-64A1-4279-9D57-BC322BC335B4}.Debug|iPhone.ActiveCfg = Debug|Any CPU
		{E7DE42B1-64A1-4279-9D57-BC322BC335B4}.Debug|iPhone.Build.0 = Debug|Any CPU
		{E7DE42B1-64A1-4279-9D57-BC322BC335B4}.Debug|iPhoneSimulator.ActiveCfg = Debug|Any CPU
		{E7DE42B1-64A1-4279-9D57-BC322BC335B4}.Debug|iPhoneSimulator.Build.0 = Debug|Any CPU
		{E7DE42B1-64A1-4279-9D57-BC322BC335B4}.Debug|x64.ActiveCfg = Debug|Any CPU
		{E7DE42B1-64A1-4279-9D57-BC322BC335B4}.Debug|x64.Build.0 = Debug|Any CPU
		{E7DE42B1-64A1-4279-9D57-BC322BC335B4}.Debug|x86.ActiveCfg = Debug|Any CPU
		{E7DE42B1-64A1-4279-9D57-BC322BC335B4}.Debug|x86.Build.0 = Debug|Any CPU
		{E7DE42B1-64A1-4279-9D57-BC322BC335B4}.Release|Any CPU.ActiveCfg = Release|Any CPU
		{E7DE42B1-64A1-4279-9D57-BC322BC335B4}.Release|Any CPU.Build.0 = Release|Any CPU
		{E7DE42B1-64A1-4279-9D57-BC322BC335B4}.Release|iPhone.ActiveCfg = Release|Any CPU
		{E7DE42B1-64A1-4279-9D57-BC322BC335B4}.Release|iPhone.Build.0 = Release|Any CPU
		{E7DE42B1-64A1-4279-9D57-BC322BC335B4}.Release|iPhoneSimulator.ActiveCfg = Release|Any CPU
		{E7DE42B1-64A1-4279-9D57-BC322BC335B4}.Release|iPhoneSimulator.Build.0 = Release|Any CPU
		{E7DE42B1-64A1-4279-9D57-BC322BC335B4}.Release|x64.ActiveCfg = Release|Any CPU
		{E7DE42B1-64A1-4279-9D57-BC322BC335B4}.Release|x64.Build.0 = Release|Any CPU
		{E7DE42B1-64A1-4279-9D57-BC322BC335B4}.Release|x86.ActiveCfg = Release|Any CPU
		{E7DE42B1-64A1-4279-9D57-BC322BC335B4}.Release|x86.Build.0 = Release|Any CPU
		{AFF9F874-AACF-488C-8F4B-4A99048A03FA}.Ad-Hoc|Any CPU.ActiveCfg = Debug|Any CPU
		{AFF9F874-AACF-488C-8F4B-4A99048A03FA}.Ad-Hoc|Any CPU.Build.0 = Debug|Any CPU
		{AFF9F874-AACF-488C-8F4B-4A99048A03FA}.Ad-Hoc|iPhone.ActiveCfg = Debug|Any CPU
		{AFF9F874-AACF-488C-8F4B-4A99048A03FA}.Ad-Hoc|iPhone.Build.0 = Debug|Any CPU
		{AFF9F874-AACF-488C-8F4B-4A99048A03FA}.Ad-Hoc|iPhoneSimulator.ActiveCfg = Debug|Any CPU
		{AFF9F874-AACF-488C-8F4B-4A99048A03FA}.Ad-Hoc|iPhoneSimulator.Build.0 = Debug|Any CPU
		{AFF9F874-AACF-488C-8F4B-4A99048A03FA}.Ad-Hoc|x64.ActiveCfg = Debug|Any CPU
		{AFF9F874-AACF-488C-8F4B-4A99048A03FA}.Ad-Hoc|x64.Build.0 = Debug|Any CPU
		{AFF9F874-AACF-488C-8F4B-4A99048A03FA}.Ad-Hoc|x86.ActiveCfg = Debug|Any CPU
		{AFF9F874-AACF-488C-8F4B-4A99048A03FA}.Ad-Hoc|x86.Build.0 = Debug|Any CPU
		{AFF9F874-AACF-488C-8F4B-4A99048A03FA}.AppStore|Any CPU.ActiveCfg = Debug|Any CPU
		{AFF9F874-AACF-488C-8F4B-4A99048A03FA}.AppStore|Any CPU.Build.0 = Debug|Any CPU
		{AFF9F874-AACF-488C-8F4B-4A99048A03FA}.AppStore|iPhone.ActiveCfg = Debug|Any CPU
		{AFF9F874-AACF-488C-8F4B-4A99048A03FA}.AppStore|iPhone.Build.0 = Debug|Any CPU
		{AFF9F874-AACF-488C-8F4B-4A99048A03FA}.AppStore|iPhoneSimulator.ActiveCfg = Debug|Any CPU
		{AFF9F874-AACF-488C-8F4B-4A99048A03FA}.AppStore|iPhoneSimulator.Build.0 = Debug|Any CPU
		{AFF9F874-AACF-488C-8F4B-4A99048A03FA}.AppStore|x64.ActiveCfg = Debug|Any CPU
		{AFF9F874-AACF-488C-8F4B-4A99048A03FA}.AppStore|x64.Build.0 = Debug|Any CPU
		{AFF9F874-AACF-488C-8F4B-4A99048A03FA}.AppStore|x86.ActiveCfg = Debug|Any CPU
		{AFF9F874-AACF-488C-8F4B-4A99048A03FA}.AppStore|x86.Build.0 = Debug|Any CPU
		{AFF9F874-AACF-488C-8F4B-4A99048A03FA}.Debug|Any CPU.ActiveCfg = Debug|Any CPU
		{AFF9F874-AACF-488C-8F4B-4A99048A03FA}.Debug|Any CPU.Build.0 = Debug|Any CPU
		{AFF9F874-AACF-488C-8F4B-4A99048A03FA}.Debug|iPhone.ActiveCfg = Debug|Any CPU
		{AFF9F874-AACF-488C-8F4B-4A99048A03FA}.Debug|iPhone.Build.0 = Debug|Any CPU
		{AFF9F874-AACF-488C-8F4B-4A99048A03FA}.Debug|iPhoneSimulator.ActiveCfg = Debug|Any CPU
		{AFF9F874-AACF-488C-8F4B-4A99048A03FA}.Debug|iPhoneSimulator.Build.0 = Debug|Any CPU
		{AFF9F874-AACF-488C-8F4B-4A99048A03FA}.Debug|x64.ActiveCfg = Debug|Any CPU
		{AFF9F874-AACF-488C-8F4B-4A99048A03FA}.Debug|x64.Build.0 = Debug|Any CPU
		{AFF9F874-AACF-488C-8F4B-4A99048A03FA}.Debug|x86.ActiveCfg = Debug|Any CPU
		{AFF9F874-AACF-488C-8F4B-4A99048A03FA}.Debug|x86.Build.0 = Debug|Any CPU
		{AFF9F874-AACF-488C-8F4B-4A99048A03FA}.Release|Any CPU.ActiveCfg = Release|Any CPU
		{AFF9F874-AACF-488C-8F4B-4A99048A03FA}.Release|Any CPU.Build.0 = Release|Any CPU
		{AFF9F874-AACF-488C-8F4B-4A99048A03FA}.Release|iPhone.ActiveCfg = Release|Any CPU
		{AFF9F874-AACF-488C-8F4B-4A99048A03FA}.Release|iPhone.Build.0 = Release|Any CPU
		{AFF9F874-AACF-488C-8F4B-4A99048A03FA}.Release|iPhoneSimulator.ActiveCfg = Release|Any CPU
		{AFF9F874-AACF-488C-8F4B-4A99048A03FA}.Release|iPhoneSimulator.Build.0 = Release|Any CPU
		{AFF9F874-AACF-488C-8F4B-4A99048A03FA}.Release|x64.ActiveCfg = Release|Any CPU
		{AFF9F874-AACF-488C-8F4B-4A99048A03FA}.Release|x64.Build.0 = Release|Any CPU
		{AFF9F874-AACF-488C-8F4B-4A99048A03FA}.Release|x86.ActiveCfg = Release|Any CPU
		{AFF9F874-AACF-488C-8F4B-4A99048A03FA}.Release|x86.Build.0 = Release|Any CPU
		{97F3025F-2485-414F-B7C6-965567EB9FE2}.Ad-Hoc|Any CPU.ActiveCfg = Debug|Any CPU
		{97F3025F-2485-414F-B7C6-965567EB9FE2}.Ad-Hoc|Any CPU.Build.0 = Debug|Any CPU
		{97F3025F-2485-414F-B7C6-965567EB9FE2}.Ad-Hoc|iPhone.ActiveCfg = Debug|Any CPU
		{97F3025F-2485-414F-B7C6-965567EB9FE2}.Ad-Hoc|iPhone.Build.0 = Debug|Any CPU
		{97F3025F-2485-414F-B7C6-965567EB9FE2}.Ad-Hoc|iPhoneSimulator.ActiveCfg = Debug|Any CPU
		{97F3025F-2485-414F-B7C6-965567EB9FE2}.Ad-Hoc|iPhoneSimulator.Build.0 = Debug|Any CPU
		{97F3025F-2485-414F-B7C6-965567EB9FE2}.Ad-Hoc|x64.ActiveCfg = Debug|Any CPU
		{97F3025F-2485-414F-B7C6-965567EB9FE2}.Ad-Hoc|x64.Build.0 = Debug|Any CPU
		{97F3025F-2485-414F-B7C6-965567EB9FE2}.Ad-Hoc|x86.ActiveCfg = Debug|Any CPU
		{97F3025F-2485-414F-B7C6-965567EB9FE2}.Ad-Hoc|x86.Build.0 = Debug|Any CPU
		{97F3025F-2485-414F-B7C6-965567EB9FE2}.AppStore|Any CPU.ActiveCfg = Debug|Any CPU
		{97F3025F-2485-414F-B7C6-965567EB9FE2}.AppStore|Any CPU.Build.0 = Debug|Any CPU
		{97F3025F-2485-414F-B7C6-965567EB9FE2}.AppStore|iPhone.ActiveCfg = Debug|Any CPU
		{97F3025F-2485-414F-B7C6-965567EB9FE2}.AppStore|iPhone.Build.0 = Debug|Any CPU
		{97F3025F-2485-414F-B7C6-965567EB9FE2}.AppStore|iPhoneSimulator.ActiveCfg = Debug|Any CPU
		{97F3025F-2485-414F-B7C6-965567EB9FE2}.AppStore|iPhoneSimulator.Build.0 = Debug|Any CPU
		{97F3025F-2485-414F-B7C6-965567EB9FE2}.AppStore|x64.ActiveCfg = Debug|Any CPU
		{97F3025F-2485-414F-B7C6-965567EB9FE2}.AppStore|x64.Build.0 = Debug|Any CPU
		{97F3025F-2485-414F-B7C6-965567EB9FE2}.AppStore|x86.ActiveCfg = Debug|Any CPU
		{97F3025F-2485-414F-B7C6-965567EB9FE2}.AppStore|x86.Build.0 = Debug|Any CPU
		{97F3025F-2485-414F-B7C6-965567EB9FE2}.Debug|Any CPU.ActiveCfg = Debug|Any CPU
		{97F3025F-2485-414F-B7C6-965567EB9FE2}.Debug|Any CPU.Build.0 = Debug|Any CPU
		{97F3025F-2485-414F-B7C6-965567EB9FE2}.Debug|iPhone.ActiveCfg = Debug|Any CPU
		{97F3025F-2485-414F-B7C6-965567EB9FE2}.Debug|iPhone.Build.0 = Debug|Any CPU
		{97F3025F-2485-414F-B7C6-965567EB9FE2}.Debug|iPhoneSimulator.ActiveCfg = Debug|Any CPU
		{97F3025F-2485-414F-B7C6-965567EB9FE2}.Debug|iPhoneSimulator.Build.0 = Debug|Any CPU
		{97F3025F-2485-414F-B7C6-965567EB9FE2}.Debug|x64.ActiveCfg = Debug|Any CPU
		{97F3025F-2485-414F-B7C6-965567EB9FE2}.Debug|x64.Build.0 = Debug|Any CPU
		{97F3025F-2485-414F-B7C6-965567EB9FE2}.Debug|x86.ActiveCfg = Debug|Any CPU
		{97F3025F-2485-414F-B7C6-965567EB9FE2}.Debug|x86.Build.0 = Debug|Any CPU
		{97F3025F-2485-414F-B7C6-965567EB9FE2}.Release|Any CPU.ActiveCfg = Release|Any CPU
		{97F3025F-2485-414F-B7C6-965567EB9FE2}.Release|Any CPU.Build.0 = Release|Any CPU
		{97F3025F-2485-414F-B7C6-965567EB9FE2}.Release|iPhone.ActiveCfg = Release|Any CPU
		{97F3025F-2485-414F-B7C6-965567EB9FE2}.Release|iPhone.Build.0 = Release|Any CPU
		{97F3025F-2485-414F-B7C6-965567EB9FE2}.Release|iPhoneSimulator.ActiveCfg = Release|Any CPU
		{97F3025F-2485-414F-B7C6-965567EB9FE2}.Release|iPhoneSimulator.Build.0 = Release|Any CPU
		{97F3025F-2485-414F-B7C6-965567EB9FE2}.Release|x64.ActiveCfg = Release|Any CPU
		{97F3025F-2485-414F-B7C6-965567EB9FE2}.Release|x64.Build.0 = Release|Any CPU
		{97F3025F-2485-414F-B7C6-965567EB9FE2}.Release|x86.ActiveCfg = Release|Any CPU
		{97F3025F-2485-414F-B7C6-965567EB9FE2}.Release|x86.Build.0 = Release|Any CPU
		{18C28CBA-2496-4B39-B8C1-A9E7EBAF2419}.Ad-Hoc|Any CPU.ActiveCfg = Debug|Any CPU
		{18C28CBA-2496-4B39-B8C1-A9E7EBAF2419}.Ad-Hoc|Any CPU.Build.0 = Debug|Any CPU
		{18C28CBA-2496-4B39-B8C1-A9E7EBAF2419}.Ad-Hoc|iPhone.ActiveCfg = Debug|Any CPU
		{18C28CBA-2496-4B39-B8C1-A9E7EBAF2419}.Ad-Hoc|iPhone.Build.0 = Debug|Any CPU
		{18C28CBA-2496-4B39-B8C1-A9E7EBAF2419}.Ad-Hoc|iPhoneSimulator.ActiveCfg = Debug|Any CPU
		{18C28CBA-2496-4B39-B8C1-A9E7EBAF2419}.Ad-Hoc|iPhoneSimulator.Build.0 = Debug|Any CPU
		{18C28CBA-2496-4B39-B8C1-A9E7EBAF2419}.Ad-Hoc|x64.ActiveCfg = Debug|Any CPU
		{18C28CBA-2496-4B39-B8C1-A9E7EBAF2419}.Ad-Hoc|x64.Build.0 = Debug|Any CPU
		{18C28CBA-2496-4B39-B8C1-A9E7EBAF2419}.Ad-Hoc|x86.ActiveCfg = Debug|Any CPU
		{18C28CBA-2496-4B39-B8C1-A9E7EBAF2419}.Ad-Hoc|x86.Build.0 = Debug|Any CPU
		{18C28CBA-2496-4B39-B8C1-A9E7EBAF2419}.AppStore|Any CPU.ActiveCfg = Debug|Any CPU
		{18C28CBA-2496-4B39-B8C1-A9E7EBAF2419}.AppStore|Any CPU.Build.0 = Debug|Any CPU
		{18C28CBA-2496-4B39-B8C1-A9E7EBAF2419}.AppStore|iPhone.ActiveCfg = Debug|Any CPU
		{18C28CBA-2496-4B39-B8C1-A9E7EBAF2419}.AppStore|iPhone.Build.0 = Debug|Any CPU
		{18C28CBA-2496-4B39-B8C1-A9E7EBAF2419}.AppStore|iPhoneSimulator.ActiveCfg = Debug|Any CPU
		{18C28CBA-2496-4B39-B8C1-A9E7EBAF2419}.AppStore|iPhoneSimulator.Build.0 = Debug|Any CPU
		{18C28CBA-2496-4B39-B8C1-A9E7EBAF2419}.AppStore|x64.ActiveCfg = Debug|Any CPU
		{18C28CBA-2496-4B39-B8C1-A9E7EBAF2419}.AppStore|x64.Build.0 = Debug|Any CPU
		{18C28CBA-2496-4B39-B8C1-A9E7EBAF2419}.AppStore|x86.ActiveCfg = Debug|Any CPU
		{18C28CBA-2496-4B39-B8C1-A9E7EBAF2419}.AppStore|x86.Build.0 = Debug|Any CPU
		{18C28CBA-2496-4B39-B8C1-A9E7EBAF2419}.Debug|Any CPU.ActiveCfg = Debug|Any CPU
		{18C28CBA-2496-4B39-B8C1-A9E7EBAF2419}.Debug|Any CPU.Build.0 = Debug|Any CPU
		{18C28CBA-2496-4B39-B8C1-A9E7EBAF2419}.Debug|iPhone.ActiveCfg = Debug|Any CPU
		{18C28CBA-2496-4B39-B8C1-A9E7EBAF2419}.Debug|iPhone.Build.0 = Debug|Any CPU
		{18C28CBA-2496-4B39-B8C1-A9E7EBAF2419}.Debug|iPhoneSimulator.ActiveCfg = Debug|Any CPU
		{18C28CBA-2496-4B39-B8C1-A9E7EBAF2419}.Debug|iPhoneSimulator.Build.0 = Debug|Any CPU
		{18C28CBA-2496-4B39-B8C1-A9E7EBAF2419}.Debug|x64.ActiveCfg = Debug|Any CPU
		{18C28CBA-2496-4B39-B8C1-A9E7EBAF2419}.Debug|x64.Build.0 = Debug|Any CPU
		{18C28CBA-2496-4B39-B8C1-A9E7EBAF2419}.Debug|x86.ActiveCfg = Debug|Any CPU
		{18C28CBA-2496-4B39-B8C1-A9E7EBAF2419}.Debug|x86.Build.0 = Debug|Any CPU
		{18C28CBA-2496-4B39-B8C1-A9E7EBAF2419}.Release|Any CPU.ActiveCfg = Release|Any CPU
		{18C28CBA-2496-4B39-B8C1-A9E7EBAF2419}.Release|Any CPU.Build.0 = Release|Any CPU
		{18C28CBA-2496-4B39-B8C1-A9E7EBAF2419}.Release|iPhone.ActiveCfg = Release|Any CPU
		{18C28CBA-2496-4B39-B8C1-A9E7EBAF2419}.Release|iPhone.Build.0 = Release|Any CPU
		{18C28CBA-2496-4B39-B8C1-A9E7EBAF2419}.Release|iPhoneSimulator.ActiveCfg = Release|Any CPU
		{18C28CBA-2496-4B39-B8C1-A9E7EBAF2419}.Release|iPhoneSimulator.Build.0 = Release|Any CPU
		{18C28CBA-2496-4B39-B8C1-A9E7EBAF2419}.Release|x64.ActiveCfg = Release|Any CPU
		{18C28CBA-2496-4B39-B8C1-A9E7EBAF2419}.Release|x64.Build.0 = Release|Any CPU
		{18C28CBA-2496-4B39-B8C1-A9E7EBAF2419}.Release|x86.ActiveCfg = Release|Any CPU
		{18C28CBA-2496-4B39-B8C1-A9E7EBAF2419}.Release|x86.Build.0 = Release|Any CPU
	EndGlobalSection
	GlobalSection(SolutionProperties) = preSolution
		HideSolutionNode = FALSE
	EndGlobalSection
	GlobalSection(NestedProjects) = preSolution
		{1535C62E-DA5F-4B39-981D-777F71F47A9E} = {8BADBFA7-6BCA-499F-AB7F-D12D7C11A16C}
		{02FC1821-7657-43D0-A795-9140C7FABFF9} = {1535C62E-DA5F-4B39-981D-777F71F47A9E}
		{38F87E1F-008A-40BC-80B1-0F9E6DEB7B09} = {1535C62E-DA5F-4B39-981D-777F71F47A9E}
		{5EAB1EF4-0C78-4268-BA6B-43FB11808E2D} = {1535C62E-DA5F-4B39-981D-777F71F47A9E}
		{76EB105A-FF77-47FF-A42E-569EFB425B33} = {FF041BC6-E770-4094-A457-46405DF82E10}
		{550DF24A-6657-4287-9CF2-B786DD205442} = {FF041BC6-E770-4094-A457-46405DF82E10}
		{DF800922-B2EF-4576-B029-B5CC06A26F3B} = {FF041BC6-E770-4094-A457-46405DF82E10}
		{0364A428-74DE-4554-BB98-0B4F3AB0AA25} = {5EAB1EF4-0C78-4268-BA6B-43FB11808E2D}
		{FF041BC6-E770-4094-A457-46405DF82E10} = {5EAB1EF4-0C78-4268-BA6B-43FB11808E2D}
		{DADCC73D-C11E-43B7-90B9-C6B3F423FE73} = {0364A428-74DE-4554-BB98-0B4F3AB0AA25}
		{D711269B-D3E8-4CD7-B443-D4409D2B8750} = {DED170DA-F9CB-4398-8E8C-4A29DADA3FCD}
		{477F7224-2E61-4B02-8247-49DFE9D92B69} = {0B44A7E6-520C-4827-93DF-139527B17EE2}
		{EBDEDF05-3D33-479F-A0FE-A838EFBC0765} = {B6FFC423-B940-4131-A9A3-2E913BD20610}
		{CFC0FD87-E5DD-4AE1-B2FB-5DB447AC7425} = {513A8F1F-9D61-466A-BADF-E5364262C3D5}
		{5230ED0A-D0AE-42B6-B215-E47276416EAE} = {0B44A7E6-520C-4827-93DF-139527B17EE2}
		{9E873C65-9F48-47A2-9347-BBE334125A47} = {4F4C57CE-950B-461E-8E66-6F8FBDC673E1}
		{98B0A59B-442B-4FF3-9601-5EA969ED9272} = {DED170DA-F9CB-4398-8E8C-4A29DADA3FCD}
		{35283729-020B-4B8D-985A-1C3FA8886B12} = {4F4C57CE-950B-461E-8E66-6F8FBDC673E1}
		{AC2E123F-A2AA-4EE4-9685-E2C062460E1F} = {4F4C57CE-950B-461E-8E66-6F8FBDC673E1}
		{E7DE42B1-64A1-4279-9D57-BC322BC335B4} = {4F4C57CE-950B-461E-8E66-6F8FBDC673E1}
		{AFF9F874-AACF-488C-8F4B-4A99048A03FA} = {4F4C57CE-950B-461E-8E66-6F8FBDC673E1}
		{97F3025F-2485-414F-B7C6-965567EB9FE2} = {4F4C57CE-950B-461E-8E66-6F8FBDC673E1}
		{18C28CBA-2496-4B39-B8C1-A9E7EBAF2419} = {0B44A7E6-520C-4827-93DF-139527B17EE2}
	EndGlobalSection
	GlobalSection(ExtensibilityGlobals) = postSolution
		SolutionGuid = {382354EA-333B-4F03-A85B-28B742006AAF}
	EndGlobalSection
EndGlobal
